<?xml version="1.0" encoding="utf-8"?>
<Project ToolsVersion="4.0" xmlns="http://schemas.microsoft.com/developer/msbuild/2003">
  <ItemGroup>
    <Filter Include="Application">
      <UniqueIdentifier>{D9DE78AF-4594-F1A4-CE88-EB7B3A3DE8A8}</UniqueIdentifier>
    </Filter>
    <Filter Include="Application\Effect">
      <UniqueIdentifier>{751835BD-61FC-F512-CA5C-F065B65FE094}</UniqueIdentifier>
    </Filter>
    <Filter Include="Application\Entity">
      <UniqueIdentifier>{059DCDBD-F180-8E13-5AE1-886646E47895}</UniqueIdentifier>
    </Filter>
    <Filter Include="Application\Entity\Animation">
      <UniqueIdentifier>{3420DA05-20DB-C9B1-C992-42FCB52C1442}</UniqueIdentifier>
    </Filter>
    <Filter Include="Application\Entity\Behavior">
      <UniqueIdentifier>{64F8E4C7-D005-13AE-59EC-0E99C5F8DE64}</UniqueIdentifier>
    </Filter>
    <Filter Include="Application\Entity\Behavior\View">
      <UniqueIdentifier>{4E4B87C2-3A9C-7204-6300-61C64FB0056E}</UniqueIdentifier>
    </Filter>
    <Filter Include="Application\Entity\Enemy">
      <UniqueIdentifier>{F2AA738E-DECF-C20E-071B-A89EF39EC12C}</UniqueIdentifier>
    </Filter>
    <Filter Include="Application\Entity\LevelObject">
      <UniqueIdentifier>{63FDB2FB-4F23-7D62-3869-022E242EA22E}</UniqueIdentifier>
    </Filter>
    <Filter Include="Application\Entity\State">
      <UniqueIdentifier>{153C748F-0161-C30F-2AAC-A89F1630C22D}</UniqueIdentifier>
    </Filter>
    <Filter Include="Application\Provider">
      <UniqueIdentifier>{532AA1B7-3FB9-2A81-E8D7-3E7CD4453B27}</UniqueIdentifier>
    </Filter>
    <Filter Include="Application\Provider\Enum">
      <UniqueIdentifier>{77CF0162-E391-35EC-2C42-C47898430ECA}</UniqueIdentifier>
    </Filter>
    <Filter Include="Application\Scene">
      <UniqueIdentifier>{B64AFD1D-2261-FBB3-6BD8-86D5D72DCC3B}</UniqueIdentifier>
    </Filter>
    <Filter Include="Application\Scene\SceneState">
      <UniqueIdentifier>{F4CDA87E-E088-982A-8940-117575DAE2BA}</UniqueIdentifier>
    </Filter>
    <Filter Include="Application\Scene\SceneState\GamePlayScene">
      <UniqueIdentifier>{C1807106-ADE8-37D4-1654-4CEA02DB4EC0}</UniqueIdentifier>
    </Filter>
    <Filter Include="Application\Tool">
      <UniqueIdentifier>{E68465F1-D27D-8443-FBAF-69C8E707644F}</UniqueIdentifier>
    </Filter>
    <Filter Include="Application\Tool\CharacterEdit">
      <UniqueIdentifier>{C89815B9-B4BE-DF1F-9D04-65EB89C904EC}</UniqueIdentifier>
    </Filter>
    <Filter Include="Application\UI">
      <UniqueIdentifier>{66EFAB96-52BD-9F9C-3B51-10C327BE7B01}</UniqueIdentifier>
    </Filter>
    <Filter Include="Application\Weapon">
      <UniqueIdentifier>{B24D1DE7-9E31-DE3C-0792-D88FF394C8BE}</UniqueIdentifier>
    </Filter>
    <Filter Include="Application\Weapon\Action">
      <UniqueIdentifier>{FF0C1CF8-6BCF-4F82-B47F-DE0E20812860}</UniqueIdentifier>
    </Filter>
    <Filter Include="Application\Weapon\Bazooka">
      <UniqueIdentifier>{A8755D44-9485-0915-FD3E-6E33E96DF8AD}</UniqueIdentifier>
    </Filter>
    <Filter Include="Application\Weapon\Bullet">
      <UniqueIdentifier>{2997B2FB-9559-E685-DE09-75124A0BBF63}</UniqueIdentifier>
    </Filter>
    <Filter Include="Application\Weapon\Launcher">
      <UniqueIdentifier>{73F7DBFE-DF04-0AE5-68EB-05D0D4F7D59B}</UniqueIdentifier>
    </Filter>
    <Filter Include="Application\Weapon\MachineGun">
      <UniqueIdentifier>{60ACAECD-CCC4-95F7-9571-259101492A91}</UniqueIdentifier>
    </Filter>
    <Filter Include="Application\Weapon\Rifle">
      <UniqueIdentifier>{13EECA46-FF12-1AC7-285E-FF5614E218E5}</UniqueIdentifier>
    </Filter>
    <Filter Include="Application\Weapon\ShotGun">
      <UniqueIdentifier>{69A28A70-55B2-3641-BE6B-9B5FAA9A25DA}</UniqueIdentifier>
    </Filter>
    <Filter Include="External">
      <UniqueIdentifier>{089DB854-F469-1360-1D83-010809AF48EE}</UniqueIdentifier>
    </Filter>
    <Filter Include="External\ImNodeFlow">
      <UniqueIdentifier>{8B29BB42-F78A-9850-80F8-DE02EC58CF0F}</UniqueIdentifier>
    </Filter>
    <Filter Include="External\ImNodeFlow\include">
      <UniqueIdentifier>{FEABF2F5-6AB9-20DC-F39F-1CC75FACEC92}</UniqueIdentifier>
    </Filter>
    <Filter Include="External\ImNodeFlow\src">
      <UniqueIdentifier>{22B51618-8EEC-5EAF-97F6-C2D203AD85A8}</UniqueIdentifier>
    </Filter>
    <Filter Include="Source">
      <UniqueIdentifier>{56EB95D1-428D-C0A7-2B48-D4FB178947F8}</UniqueIdentifier>
    </Filter>
  </ItemGroup>
  <ItemGroup>
    <ClInclude Include="application\Effect\BoostEffect.h">
      <Filter>Application\Effect</Filter>
    </ClInclude>
    <ClInclude Include="application\Effect\BoostEffectPositionEnum.h">
      <Filter>Application\Effect</Filter>
    </ClInclude>
    <ClInclude Include="application\Effect\DeadEffect.h">
      <Filter>Application\Effect</Filter>
    </ClInclude>
    <ClInclude Include="application\Effect\MuzzleFlashEffect.h">
      <Filter>Application\Effect</Filter>
    </ClInclude>
    <ClInclude Include="application\Entity\Animation\AnimationMapper.h">
      <Filter>Application\Entity\Animation</Filter>
    </ClInclude>
    <ClInclude Include="application\Entity\Behavior\ActionNode.h">
      <Filter>Application\Entity\Behavior</Filter>
    </ClInclude>
    <ClInclude Include="application\Entity\Behavior\BehaviorNode.h">
      <Filter>Application\Entity\Behavior</Filter>
    </ClInclude>
    <ClInclude Include="application\Entity\Behavior\BehaviorStatusEnum.h">
      <Filter>Application\Entity\Behavior</Filter>
    </ClInclude>
    <ClInclude Include="application\Entity\Behavior\BehaviorTreeEditor.h">
      <Filter>Application\Entity\Behavior</Filter>
    </ClInclude>
    <ClInclude Include="application\Entity\Behavior\BehaviorTreeUtil.h">
      <Filter>Application\Entity\Behavior</Filter>
    </ClInclude>
    <ClInclude Include="application\Entity\Behavior\Blackboard.h">
      <Filter>Application\Entity\Behavior</Filter>
    </ClInclude>
    <ClInclude Include="application\Entity\Behavior\ComboFactory.h">
      <Filter>Application\Entity\Behavior</Filter>
    </ClInclude>
    <ClInclude Include="application\Entity\Behavior\CompositeNode.h">
      <Filter>Application\Entity\Behavior</Filter>
    </ClInclude>
    <ClInclude Include="application\Entity\Behavior\ConditionNode.h">
      <Filter>Application\Entity\Behavior</Filter>
    </ClInclude>
    <ClInclude Include="application\Entity\Behavior\PlannerSelectorNode.h">
      <Filter>Application\Entity\Behavior</Filter>
    </ClInclude>
    <ClInclude Include="application\Entity\Behavior\ScoreConditionNode.h">
      <Filter>Application\Entity\Behavior</Filter>
    </ClInclude>
    <ClInclude Include="application\Entity\Behavior\SelectorNode.h">
      <Filter>Application\Entity\Behavior</Filter>
    </ClInclude>
    <ClInclude Include="application\Entity\Behavior\SequenceNode.h">
      <Filter>Application\Entity\Behavior</Filter>
    </ClInclude>
    <ClInclude Include="application\Entity\Behavior\SetBlackboardBoolNode.h">
      <Filter>Application\Entity\Behavior</Filter>
    </ClInclude>
    <ClInclude Include="application\Entity\Behavior\SetBlackboardStringNode.h">
      <Filter>Application\Entity\Behavior</Filter>
    </ClInclude>
    <ClInclude Include="application\Entity\Behavior\View\ActionNodeView.h">
      <Filter>Application\Entity\Behavior\View</Filter>
    </ClInclude>
    <ClInclude Include="application\Entity\Behavior\View\BehaviorNodeView.h">
      <Filter>Application\Entity\Behavior\View</Filter>
    </ClInclude>
    <ClInclude Include="application\Entity\Behavior\View\ConditionNodeView.h">
      <Filter>Application\Entity\Behavior\View</Filter>
    </ClInclude>
    <ClInclude Include="application\Entity\Behavior\View\PlannerSelectorNodeView.h">
      <Filter>Application\Entity\Behavior\View</Filter>
    </ClInclude>
    <ClInclude Include="application\Entity\Behavior\View\ScoreConditionNodeView.h">
      <Filter>Application\Entity\Behavior\View</Filter>
    </ClInclude>
    <ClInclude Include="application\Entity\Behavior\View\SelectorNodeView.h">
      <Filter>Application\Entity\Behavior\View</Filter>
    </ClInclude>
    <ClInclude Include="application\Entity\Behavior\View\SequenceNodeView.h">
      <Filter>Application\Entity\Behavior\View</Filter>
    </ClInclude>
    <ClInclude Include="application\Entity\Behavior\View\SetBlackboardBoolNodeView.h">
      <Filter>Application\Entity\Behavior\View</Filter>
    </ClInclude>
    <ClInclude Include="application\Entity\Behavior\View\SetBlackboardStringNodeView.h">
      <Filter>Application\Entity\Behavior\View</Filter>
    </ClInclude>
    <ClInclude Include="application\Entity\Behavior\View\WaitBlackboardTimeNodeView.h">
      <Filter>Application\Entity\Behavior\View</Filter>
    </ClInclude>
    <ClInclude Include="application\Entity\Behavior\View\WaitNodeView.h">
      <Filter>Application\Entity\Behavior\View</Filter>
    </ClInclude>
    <ClInclude Include="application\Entity\Behavior\View\WeightSelectorNodeView.h">
      <Filter>Application\Entity\Behavior\View</Filter>
    </ClInclude>
    <ClInclude Include="application\Entity\Behavior\WaitBlackboardTimeNode.h">
      <Filter>Application\Entity\Behavior</Filter>
    </ClInclude>
    <ClInclude Include="application\Entity\Behavior\WaitNode.h">
      <Filter>Application\Entity\Behavior</Filter>
    </ClInclude>
    <ClInclude Include="application\Entity\Behavior\WeightSelectorNode.h">
      <Filter>Application\Entity\Behavior</Filter>
    </ClInclude>
    <ClInclude Include="application\Entity\BoostDirectionEnum.h">
      <Filter>Application\Entity</Filter>
    </ClInclude>
    <ClInclude Include="application\Entity\Enemy\AIBrainSystem.h">
      <Filter>Application\Entity\Enemy</Filter>
    </ClInclude>
    <ClInclude Include="application\Entity\GameCharacterInfo.h">
      <Filter>Application\Entity</Filter>
    </ClInclude>
    <ClInclude Include="application\Entity\LevelObject\LevelObject.h">
      <Filter>Application\Entity\LevelObject</Filter>
    </ClInclude>
    <ClInclude Include="application\Entity\State\BaseGameCharacterState.h">
      <Filter>Application\Entity\State</Filter>
    </ClInclude>
    <ClInclude Include="application\Entity\State\GameCharacterState.h">
      <Filter>Application\Entity\State</Filter>
    </ClInclude>
    <ClInclude Include="application\Entity\State\GameCharacterStateManager.h">
      <Filter>Application\Entity\State</Filter>
    </ClInclude>
    <ClInclude Include="application\Entity\State\StateBreakStun.h">
      <Filter>Application\Entity\State</Filter>
    </ClInclude>
    <ClInclude Include="application\Entity\State\StateChargeShootStun.h">
      <Filter>Application\Entity\State</Filter>
    </ClInclude>
    <ClInclude Include="application\Entity\State\StateDead.h">
      <Filter>Application\Entity\State</Filter>
    </ClInclude>
    <ClInclude Include="application\Entity\State\StateFloating.h">
      <Filter>Application\Entity\State</Filter>
    </ClInclude>
    <ClInclude Include="application\Entity\State\StateJumping.h">
      <Filter>Application\Entity\State</Filter>
    </ClInclude>
    <ClInclude Include="application\Entity\State\StateRunning.h">
      <Filter>Application\Entity\State</Filter>
    </ClInclude>
    <ClInclude Include="application\Entity\State\StateStepBoost.h">
      <Filter>Application\Entity\State</Filter>
    </ClInclude>
    <ClInclude Include="application\Entity\WeaponUnit.h">
      <Filter>Application\Entity</Filter>
    </ClInclude>
    <ClInclude Include="application\MyGame.h">
      <Filter>Application</Filter>
    </ClInclude>
    <ClInclude Include="application\Provider\BaseInputProvider.h">
      <Filter>Application\Provider</Filter>
    </ClInclude>
    <ClInclude Include="application\Provider\Enum\CharacterActionInputEnum.h">
      <Filter>Application\Provider\Enum</Filter>
    </ClInclude>
    <ClInclude Include="application\Provider\Enum\PauseMenuInputEnum.h">
      <Filter>Application\Provider\Enum</Filter>
    </ClInclude>
    <ClInclude Include="application\Provider\PauseMenuPadInput.h">
      <Filter>Application\Provider</Filter>
    </ClInclude>
    <ClInclude Include="application\Provider\PlayerKeyInput.h">
      <Filter>Application\Provider</Filter>
    </ClInclude>
    <ClInclude Include="application\Provider\PlayerPadInput.h">
      <Filter>Application\Provider</Filter>
    </ClInclude>
    <ClInclude Include="application\Scene\EnemySelectScene.h">
      <Filter>Application\Scene</Filter>
    </ClInclude>
    <ClInclude Include="application\Scene\GameClearScene.h">
      <Filter>Application\Scene</Filter>
    </ClInclude>
    <ClInclude Include="application\Scene\GameLevel.h">
      <Filter>Application\Scene</Filter>
    </ClInclude>
    <ClInclude Include="application\Scene\GameOverScene.h">
      <Filter>Application\Scene</Filter>
    </ClInclude>
    <ClInclude Include="application\Scene\GamePlayScene.h">
      <Filter>Application\Scene</Filter>
    </ClInclude>
    <ClInclude Include="application\Scene\GamePlaySceneBehavior.h">
      <Filter>Application\Scene</Filter>
    </ClInclude>
    <ClInclude Include="application\Scene\LevelData.h">
      <Filter>Application\Scene</Filter>
    </ClInclude>
    <ClInclude Include="application\Scene\ParticleEditScene.h">
      <Filter>Application\Scene</Filter>
    </ClInclude>
    <ClInclude Include="application\Scene\SceneFactory.h">
      <Filter>Application\Scene</Filter>
    </ClInclude>
    <ClInclude Include="application\Scene\SceneState\BaseSceneState.h">
      <Filter>Application\Scene\SceneState</Filter>
    </ClInclude>
    <ClInclude Include="application\Scene\SceneState\GamePlayScene\GamePlaySceneState.h">
      <Filter>Application\Scene\SceneState\GamePlayScene</Filter>
    </ClInclude>
    <ClInclude Include="application\Scene\SceneState\GamePlayScene\SceneStateEnemyDestroyed.h">
      <Filter>Application\Scene\SceneState\GamePlayScene</Filter>
    </ClInclude>
    <ClInclude Include="application\Scene\SceneState\GamePlayScene\SceneStateGameClear.h">
      <Filter>Application\Scene\SceneState\GamePlayScene</Filter>
    </ClInclude>
    <ClInclude Include="application\Scene\SceneState\GamePlayScene\SceneStateGameOver.h">
      <Filter>Application\Scene\SceneState\GamePlayScene</Filter>
    </ClInclude>
    <ClInclude Include="application\Scene\SceneState\GamePlayScene\SceneStateGamePlay.h">
      <Filter>Application\Scene\SceneState\GamePlayScene</Filter>
    </ClInclude>
    <ClInclude Include="application\Scene\SceneState\GamePlayScene\SceneStateGameStart.h">
      <Filter>Application\Scene\SceneState\GamePlayScene</Filter>
    </ClInclude>
    <ClInclude Include="application\Scene\SceneState\GamePlayScene\SceneStatePause.h">
      <Filter>Application\Scene\SceneState\GamePlayScene</Filter>
    </ClInclude>
    <ClInclude Include="application\Scene\SceneState\SceneStateManager.h">
      <Filter>Application\Scene\SceneState</Filter>
    </ClInclude>
    <ClInclude Include="application\Scene\TitleScene.h">
      <Filter>Application\Scene</Filter>
    </ClInclude>
    <ClInclude Include="application\Tool\BreakGaugeUtil.h">
      <Filter>Application\Tool</Filter>
    </ClInclude>
    <ClInclude Include="application\Tool\CharacterEdit\CharacterEditMenuEnum.h">
      <Filter>Application\Tool\CharacterEdit</Filter>
    </ClInclude>
    <ClInclude Include="application\Tool\CharacterEdit\CharacterEditTool.h">
      <Filter>Application\Tool\CharacterEdit</Filter>
    </ClInclude>
    <ClInclude Include="application\Tool\FaceAnalysisDebugRenderer.h">
      <Filter>Application\Tool</Filter>
    </ClInclude>
    <ClInclude Include="application\UI\ActionButtonICon.h">
      <Filter>Application\UI</Filter>
    </ClInclude>
    <ClInclude Include="application\UI\BreakGaugeUI.h">
      <Filter>Application\UI</Filter>
    </ClInclude>
    <ClInclude Include="application\UI\BulletCounterGaugeUI.h">
      <Filter>Application\UI</Filter>
    </ClInclude>
    <ClInclude Include="application\UI\BulletCounterUI.h">
      <Filter>Application\UI</Filter>
    </ClInclude>
    <ClInclude Include="application\UI\EnergyInfoUI.h">
      <Filter>Application\UI</Filter>
    </ClInclude>
    <ClInclude Include="application\UI\GameClearUI.h">
      <Filter>Application\UI</Filter>
    </ClInclude>
    <ClInclude Include="application\UI\HPBar.h">
      <Filter>Application\UI</Filter>
    </ClInclude>
    <ClInclude Include="application\UI\PauseMenuUI.h">
      <Filter>Application\UI</Filter>
    </ClInclude>
    <ClInclude Include="application\UI\PhaseMessageUI.h">
      <Filter>Application\UI</Filter>
    </ClInclude>
    <ClInclude Include="application\UI\PlayerReticle.h">
      <Filter>Application\UI</Filter>
    </ClInclude>
    <ClInclude Include="application\UI\PushStartUI.h">
      <Filter>Application\UI</Filter>
    </ClInclude>
    <ClInclude Include="application\UI\RingUI.h">
      <Filter>Application\UI</Filter>
    </ClInclude>
    <ClInclude Include="application\UI\WarningType.h">
      <Filter>Application\UI</Filter>
    </ClInclude>
    <ClInclude Include="application\UI\WarningUI.h">
      <Filter>Application\UI</Filter>
    </ClInclude>
    <ClInclude Include="application\Weapon\Action\BurstShotInfo.h">
      <Filter>Application\Weapon\Action</Filter>
    </ClInclude>
    <ClInclude Include="application\Weapon\Action\WeaponActionData.h">
      <Filter>Application\Weapon\Action</Filter>
    </ClInclude>
    <ClInclude Include="application\Weapon\BaseWeapon.h">
      <Filter>Application\Weapon</Filter>
    </ClInclude>
    <ClInclude Include="application\Weapon\Bazooka\Bazooka.h">
      <Filter>Application\Weapon\Bazooka</Filter>
    </ClInclude>
    <ClInclude Include="application\Weapon\Bullet\Bullet.h">
      <Filter>Application\Weapon\Bullet</Filter>
    </ClInclude>
    <ClInclude Include="application\Weapon\Bullet\BulletEffectConfig.h">
      <Filter>Application\Weapon\Bullet</Filter>
    </ClInclude>
    <ClInclude Include="application\Weapon\Bullet\BulletManager.h">
      <Filter>Application\Weapon\Bullet</Filter>
    </ClInclude>
    <ClInclude Include="application\Weapon\Bullet\BulletPool.h">
      <Filter>Application\Weapon\Bullet</Filter>
    </ClInclude>
    <ClInclude Include="application\Weapon\Bullet\MissilePool.h">
      <Filter>Application\Weapon\Bullet</Filter>
    </ClInclude>
    <ClInclude Include="application\Weapon\Bullet\ObjectPool.h">
      <Filter>Application\Weapon\Bullet</Filter>
    </ClInclude>
    <ClInclude Include="application\Weapon\Bullet\VerticalMissile.h">
      <Filter>Application\Weapon\Bullet</Filter>
    </ClInclude>
    <ClInclude Include="application\Weapon\Bullet\VerticalMissileInfo.h">
      <Filter>Application\Weapon\Bullet</Filter>
    </ClInclude>
    <ClInclude Include="application\Weapon\Launcher\VerticalMissileLauncher.h">
      <Filter>Application\Weapon\Launcher</Filter>
    </ClInclude>
    <ClInclude Include="application\Weapon\Launcher\VerticalMissileLauncherInfo.h">
      <Filter>Application\Weapon\Launcher</Filter>
    </ClInclude>
    <ClInclude Include="application\Weapon\MachineGun\MachineGun.h">
      <Filter>Application\Weapon\MachineGun</Filter>
    </ClInclude>
    <ClInclude Include="application\Weapon\Rifle\Rifle.h">
      <Filter>Application\Weapon\Rifle</Filter>
    </ClInclude>
    <ClInclude Include="application\Weapon\Rifle\RifleInfo.h">
      <Filter>Application\Weapon\Rifle</Filter>
    </ClInclude>
    <ClInclude Include="application\Weapon\ShotGun\ShotGun.h">
      <Filter>Application\Weapon\ShotGun</Filter>
    </ClInclude>
    <ClInclude Include="application\Weapon\ShotGun\ShotGunInfo.h">
      <Filter>Application\Weapon\ShotGun</Filter>
    </ClInclude>
    <ClInclude Include="application\Weapon\WeaponData.h">
      <Filter>Application\Weapon</Filter>
    </ClInclude>
    <ClInclude Include="application\Weapon\WeaponType.h">
      <Filter>Application\Weapon</Filter>
    </ClInclude>
    <ClInclude Include="externals\ImNodeFlow-1.2.2\include\ImNodeFlow.h">
      <Filter>External\ImNodeFlow\include</Filter>
    </ClInclude>
    <ClInclude Include="externals\ImNodeFlow-1.2.2\src\ImNodeFlow.inl">
      <Filter>External\ImNodeFlow\src</Filter>
    </ClInclude>
    <ClInclude Include="externals\ImNodeFlow-1.2.2\src\context_wrapper.h">
      <Filter>External\ImNodeFlow\src</Filter>
    </ClInclude>
    <ClInclude Include="externals\ImNodeFlow-1.2.2\src\imgui_bezier_math.h">
      <Filter>External\ImNodeFlow\src</Filter>
    </ClInclude>
    <ClInclude Include="externals\ImNodeFlow-1.2.2\src\imgui_bezier_math.inl">
      <Filter>External\ImNodeFlow\src</Filter>
    </ClInclude>
    <ClInclude Include="externals\ImNodeFlow-1.2.2\src\imgui_extra_math.h">
      <Filter>External\ImNodeFlow\src</Filter>
    </ClInclude>
    <ClInclude Include="externals\ImNodeFlow-1.2.2\src\imgui_extra_math.inl">
      <Filter>External\ImNodeFlow\src</Filter>
    </ClInclude>
    <ClInclude Include="resource.h">
      <Filter>Source</Filter>
    </ClInclude>
  </ItemGroup>
  <ItemGroup>
    <ClCompile Include="application\Effect\BoostEffect.cpp">
      <Filter>Application\Effect</Filter>
    </ClCompile>
    <ClCompile Include="application\Effect\DeadEffect.cpp">
      <Filter>Application\Effect</Filter>
    </ClCompile>
    <ClCompile Include="application\Effect\MuzzleFlashEffect.cpp">
      <Filter>Application\Effect</Filter>
    </ClCompile>
    <ClCompile Include="application\Entity\Animation\AnimationMapper.cpp">
      <Filter>Application\Entity\Animation</Filter>
    </ClCompile>
    <ClCompile Include="application\Entity\Behavior\ActionNode.cpp">
      <Filter>Application\Entity\Behavior</Filter>
    </ClCompile>
    <ClCompile Include="application\Entity\Behavior\BehaviorTreeEditor.cpp">
      <Filter>Application\Entity\Behavior</Filter>
    </ClCompile>
    <ClCompile Include="application\Entity\Behavior\BehaviorTreeUtil.cpp">
      <Filter>Application\Entity\Behavior</Filter>
    </ClCompile>
    <ClCompile Include="application\Entity\Behavior\Blackboard.cpp">
      <Filter>Application\Entity\Behavior</Filter>
    </ClCompile>
    <ClCompile Include="application\Entity\Behavior\ComboFactory.cpp">
      <Filter>Application\Entity\Behavior</Filter>
    </ClCompile>
    <ClCompile Include="application\Entity\Behavior\ConditionNode.cpp">
      <Filter>Application\Entity\Behavior</Filter>
    </ClCompile>
    <ClCompile Include="application\Entity\Behavior\PlannerSelectorNode.cpp">
      <Filter>Application\Entity\Behavior</Filter>
    </ClCompile>
    <ClCompile Include="application\Entity\Behavior\ScoreConditionNode.cpp">
      <Filter>Application\Entity\Behavior</Filter>
    </ClCompile>
    <ClCompile Include="application\Entity\Behavior\SelectorNode.cpp">
      <Filter>Application\Entity\Behavior</Filter>
    </ClCompile>
    <ClCompile Include="application\Entity\Behavior\SequenceNode.cpp">
      <Filter>Application\Entity\Behavior</Filter>
    </ClCompile>
    <ClCompile Include="application\Entity\Behavior\SetBlackboardBoolNode.cpp">
      <Filter>Application\Entity\Behavior</Filter>
    </ClCompile>
    <ClCompile Include="application\Entity\Behavior\SetBlackboardStringNode.cpp">
      <Filter>Application\Entity\Behavior</Filter>
    </ClCompile>
    <ClCompile Include="application\Entity\Behavior\View\ActionNodeView.cpp">
      <Filter>Application\Entity\Behavior\View</Filter>
    </ClCompile>
    <ClCompile Include="application\Entity\Behavior\View\BehaviorNodeView.cpp">
      <Filter>Application\Entity\Behavior\View</Filter>
    </ClCompile>
    <ClCompile Include="application\Entity\Behavior\View\ConditionNodeView.cpp">
      <Filter>Application\Entity\Behavior\View</Filter>
    </ClCompile>
    <ClCompile Include="application\Entity\Behavior\View\PlannerSelectorNodeView.cpp">
      <Filter>Application\Entity\Behavior\View</Filter>
    </ClCompile>
    <ClCompile Include="application\Entity\Behavior\View\ScoreConditionNodeView.cpp">
      <Filter>Application\Entity\Behavior\View</Filter>
    </ClCompile>
    <ClCompile Include="application\Entity\Behavior\View\SelectorNodeView.cpp">
      <Filter>Application\Entity\Behavior\View</Filter>
    </ClCompile>
    <ClCompile Include="application\Entity\Behavior\View\SequenceNodeView.cpp">
      <Filter>Application\Entity\Behavior\View</Filter>
    </ClCompile>
    <ClCompile Include="application\Entity\Behavior\View\SetBlackboardBoolNodeView.cpp">
      <Filter>Application\Entity\Behavior\View</Filter>
    </ClCompile>
    <ClCompile Include="application\Entity\Behavior\View\SetBlackboardStringNodeView.cpp">
      <Filter>Application\Entity\Behavior\View</Filter>
    </ClCompile>
    <ClCompile Include="application\Entity\Behavior\View\WaitBlackboardTimeNodeView.cpp">
      <Filter>Application\Entity\Behavior\View</Filter>
    </ClCompile>
    <ClCompile Include="application\Entity\Behavior\View\WaitNodeView.cpp">
      <Filter>Application\Entity\Behavior\View</Filter>
    </ClCompile>
    <ClCompile Include="application\Entity\Behavior\View\WeightSelectorNodeView.cpp">
      <Filter>Application\Entity\Behavior\View</Filter>
    </ClCompile>
    <ClCompile Include="application\Entity\Behavior\WaitBlackboardTimeNode.cpp">
      <Filter>Application\Entity\Behavior</Filter>
    </ClCompile>
    <ClCompile Include="application\Entity\Behavior\WaitNode.cpp">
      <Filter>Application\Entity\Behavior</Filter>
    </ClCompile>
    <ClCompile Include="application\Entity\Behavior\WeightSelectorNode.cpp">
      <Filter>Application\Entity\Behavior</Filter>
    </ClCompile>
    <ClCompile Include="application\Entity\Enemy\AIBrainSystem.cpp">
      <Filter>Application\Entity\Enemy</Filter>
    </ClCompile>
    <ClCompile Include="application\Entity\GameCharacterInfo.cpp">
      <Filter>Application\Entity</Filter>
    </ClCompile>
    <ClCompile Include="application\Entity\LevelObject\LevelObject.cpp">
      <Filter>Application\Entity\LevelObject</Filter>
    </ClCompile>
    <ClCompile Include="application\Entity\State\BaseGameCharacterState.cpp">
      <Filter>Application\Entity\State</Filter>
    </ClCompile>
    <ClCompile Include="application\Entity\State\GameCharacterStateManager.cpp">
      <Filter>Application\Entity\State</Filter>
    </ClCompile>
    <ClCompile Include="application\Entity\State\StateBreakStun.cpp">
      <Filter>Application\Entity\State</Filter>
    </ClCompile>
    <ClCompile Include="application\Entity\State\StateChargeShootStun.cpp">
      <Filter>Application\Entity\State</Filter>
    </ClCompile>
    <ClCompile Include="application\Entity\State\StateDead.cpp">
      <Filter>Application\Entity\State</Filter>
    </ClCompile>
    <ClCompile Include="application\Entity\State\StateFloating.cpp">
      <Filter>Application\Entity\State</Filter>
    </ClCompile>
    <ClCompile Include="application\Entity\State\StateJumping.cpp">
      <Filter>Application\Entity\State</Filter>
    </ClCompile>
    <ClCompile Include="application\Entity\State\StateRunning.cpp">
      <Filter>Application\Entity\State</Filter>
    </ClCompile>
    <ClCompile Include="application\Entity\State\StateStepBoost.cpp">
      <Filter>Application\Entity\State</Filter>
    </ClCompile>
    <ClCompile Include="application\MyGame.cpp">
      <Filter>Application</Filter>
    </ClCompile>
    <ClCompile Include="application\Provider\PauseMenuPadInput.cpp">
      <Filter>Application\Provider</Filter>
    </ClCompile>
    <ClCompile Include="application\Provider\PlayerKeyInput.cpp">
      <Filter>Application\Provider</Filter>
    </ClCompile>
    <ClCompile Include="application\Provider\PlayerPadInput.cpp">
      <Filter>Application\Provider</Filter>
    </ClCompile>
    <ClCompile Include="application\Scene\EnemySelectScene.cpp">
      <Filter>Application\Scene</Filter>
    </ClCompile>
    <ClCompile Include="application\Scene\GameClearScene.cpp">
      <Filter>Application\Scene</Filter>
    </ClCompile>
    <ClCompile Include="application\Scene\GameLevel.cpp">
      <Filter>Application\Scene</Filter>
    </ClCompile>
    <ClCompile Include="application\Scene\GameOverScene.cpp">
      <Filter>Application\Scene</Filter>
    </ClCompile>
    <ClCompile Include="application\Scene\GamePlayScene.cpp">
      <Filter>Application\Scene</Filter>
    </ClCompile>
    <ClCompile Include="application\Scene\ParticleEditScene.cpp">
      <Filter>Application\Scene</Filter>
    </ClCompile>
    <ClCompile Include="application\Scene\SceneFactory.cpp">
      <Filter>Application\Scene</Filter>
    </ClCompile>
    <ClCompile Include="application\Scene\SceneState\BaseSceneState.cpp">
      <Filter>Application\Scene\SceneState</Filter>
    </ClCompile>
    <ClCompile Include="application\Scene\SceneState\GamePlayScene\GamePlaySceneState.cpp">
      <Filter>Application\Scene\SceneState\GamePlayScene</Filter>
    </ClCompile>
    <ClCompile Include="application\Scene\SceneState\GamePlayScene\SceneStateGameClear.cpp">
      <Filter>Application\Scene\SceneState\GamePlayScene</Filter>
    </ClCompile>
    <ClCompile Include="application\Scene\SceneState\GamePlayScene\SceneStateGameOver.cpp">
      <Filter>Application\Scene\SceneState\GamePlayScene</Filter>
    </ClCompile>
    <ClCompile Include="application\Scene\SceneState\GamePlayScene\SceneStateGamePlay.cpp">
      <Filter>Application\Scene\SceneState\GamePlayScene</Filter>
    </ClCompile>
    <ClCompile Include="application\Scene\SceneState\GamePlayScene\SceneStateGameStart.cpp">
      <Filter>Application\Scene\SceneState\GamePlayScene</Filter>
    </ClCompile>
    <ClCompile Include="application\Scene\SceneState\GamePlayScene\SceneStatePause.cpp">
      <Filter>Application\Scene\SceneState\GamePlayScene</Filter>
    </ClCompile>
    <ClCompile Include="application\Scene\SceneState\SceneStateManager.cpp">
      <Filter>Application\Scene\SceneState</Filter>
    </ClCompile>
    <ClCompile Include="application\Scene\TitleScene.cpp">
      <Filter>Application\Scene</Filter>
    </ClCompile>
    <ClCompile Include="application\Tool\BreakGaugeUtil.cpp">
      <Filter>Application\Tool</Filter>
    </ClCompile>
    <ClCompile Include="application\Tool\CharacterEdit\CharacterEditTool.cpp">
      <Filter>Application\Tool\CharacterEdit</Filter>
    </ClCompile>
    <ClCompile Include="application\Tool\FaceAnalysisDebugRenderer.cpp">
      <Filter>Application\Tool</Filter>
    </ClCompile>
    <ClCompile Include="application\UI\ActionButtonICon.cpp">
      <Filter>Application\UI</Filter>
    </ClCompile>
    <ClCompile Include="application\UI\BreakGaugeUI.cpp">
      <Filter>Application\UI</Filter>
    </ClCompile>
    <ClCompile Include="application\UI\BulletCounterGaugeUI.cpp">
      <Filter>Application\UI</Filter>
    </ClCompile>
    <ClCompile Include="application\UI\BulletCounterUI.cpp">
      <Filter>Application\UI</Filter>
    </ClCompile>
    <ClCompile Include="application\UI\EnergyInfoUI.cpp">
      <Filter>Application\UI</Filter>
    </ClCompile>
    <ClCompile Include="application\UI\GameClearUI.cpp">
      <Filter>Application\UI</Filter>
    </ClCompile>
    <ClCompile Include="application\UI\HPBar.cpp">
      <Filter>Application\UI</Filter>
    </ClCompile>
    <ClCompile Include="application\UI\PauseMenuUI.cpp">
      <Filter>Application\UI</Filter>
    </ClCompile>
    <ClCompile Include="application\UI\PhaseMessageUI.cpp">
      <Filter>Application\UI</Filter>
    </ClCompile>
    <ClCompile Include="application\UI\PlayerReticle.cpp">
      <Filter>Application\UI</Filter>
    </ClCompile>
    <ClCompile Include="application\UI\PushStartUI.cpp">
      <Filter>Application\UI</Filter>
    </ClCompile>
    <ClCompile Include="application\UI\RingUI.cpp">
      <Filter>Application\UI</Filter>
    </ClCompile>
    <ClCompile Include="application\UI\WarningUI.cpp">
      <Filter>Application\UI</Filter>
    </ClCompile>
    <ClCompile Include="application\Weapon\Action\BurstShotInfo.cpp">
      <Filter>Application\Weapon\Action</Filter>
    </ClCompile>
    <ClCompile Include="application\Weapon\BaseWeapon.cpp">
      <Filter>Application\Weapon</Filter>
    </ClCompile>
    <ClCompile Include="application\Weapon\Bazooka\Bazooka.cpp">
      <Filter>Application\Weapon\Bazooka</Filter>
    </ClCompile>
    <ClCompile Include="application\Weapon\Bullet\Bullet.cpp">
      <Filter>Application\Weapon\Bullet</Filter>
    </ClCompile>
    <ClCompile Include="application\Weapon\Bullet\BulletManager.cpp">
      <Filter>Application\Weapon\Bullet</Filter>
    </ClCompile>
    <ClCompile Include="application\Weapon\Bullet\BulletPool.cpp">
      <Filter>Application\Weapon\Bullet</Filter>
    </ClCompile>
    <ClCompile Include="application\Weapon\Bullet\MissilePool.cpp">
      <Filter>Application\Weapon\Bullet</Filter>
    </ClCompile>
    <ClCompile Include="application\Weapon\Bullet\ObjectPool.cpp">
      <Filter>Application\Weapon\Bullet</Filter>
    </ClCompile>
    <ClCompile Include="application\Weapon\Bullet\VerticalMissile.cpp">
      <Filter>Application\Weapon\Bullet</Filter>
    </ClCompile>
    <ClCompile Include="application\Weapon\Bullet\VerticalMissileInfo.cpp">
      <Filter>Application\Weapon\Bullet</Filter>
    </ClCompile>
    <ClCompile Include="application\Weapon\Launcher\VerticalMissileLauncher.cpp">
      <Filter>Application\Weapon\Launcher</Filter>
    </ClCompile>
    <ClCompile Include="application\Weapon\MachineGun\MachineGun.cpp">
      <Filter>Application\Weapon\MachineGun</Filter>
    </ClCompile>
    <ClCompile Include="application\Weapon\Rifle\Rifle.cpp">
      <Filter>Application\Weapon\Rifle</Filter>
    </ClCompile>
    <ClCompile Include="application\Weapon\Rifle\RifleInfo.cpp">
      <Filter>Application\Weapon\Rifle</Filter>
    </ClCompile>
    <ClCompile Include="application\Weapon\ShotGun\ShotGun.cpp">
      <Filter>Application\Weapon\ShotGun</Filter>
    </ClCompile>
    <ClCompile Include="application\Weapon\ShotGun\ShotGunInfo.cpp">
      <Filter>Application\Weapon\ShotGun</Filter>
    </ClCompile>
    <ClCompile Include="application\Weapon\WeaponData.cpp">
      <Filter>Application\Weapon</Filter>
    </ClCompile>
    <ClCompile Include="externals\ImNodeFlow-1.2.2\src\ImNodeFlow.cpp">
      <Filter>External\ImNodeFlow\src</Filter>
    </ClCompile>
    <ClCompile Include="main.cpp">
      <Filter>Source</Filter>
    </ClCompile>
  </ItemGroup>
  <ItemGroup>
    <None Include="packages.config">
      <Filter>Source</Filter>
    </None>
  </ItemGroup>
  <ItemGroup>
    <ResourceCompile Include="DirectXGame.rc">
      <Filter>Source</Filter>
    </ResourceCompile>
  </ItemGroup>
</Project>