<?xml version="1.0" encoding="utf-8"?>
<Project ToolsVersion="4.0" xmlns="http://schemas.microsoft.com/developer/msbuild/2003">
  <ItemGroup>
    <FxCompile Include="Resources\shaders\PostEffect\BloomEffect.CS.hlsl">
      <Filter>Resources\shader\PostEffect</Filter>
    </FxCompile>
    <FxCompile Include="Resources\shaders\PostEffect\BoxFilter.CS.hlsl">
      <Filter>Resources\shader\PostEffect</Filter>
    </FxCompile>
    <FxCompile Include="Resources\shaders\PostEffect\CopyImage.PS.hlsl">
      <Filter>Resources\shader\PostEffect</Filter>
    </FxCompile>
    <FxCompile Include="Resources\shaders\PostEffect\DepthBasedOutline.CS.hlsl">
      <Filter>Resources\shader\PostEffect</Filter>
    </FxCompile>
    <FxCompile Include="Resources\shaders\PostEffect\Dissolve.CS.hlsl">
      <Filter>Resources\shader\PostEffect</Filter>
    </FxCompile>
    <FxCompile Include="Resources\shaders\PostEffect\FullScreen.VS.hlsl">
      <Filter>Resources\shader\PostEffect</Filter>
    </FxCompile>
    <FxCompile Include="Resources\shaders\PostEffect\GrayScale.CS.hlsl">
      <Filter>Resources\shader\PostEffect</Filter>
    </FxCompile>
    <FxCompile Include="Resources\shaders\PostEffect\LuminanceBasedOutline.CS.hlsl">
      <Filter>Resources\shader\PostEffect</Filter>
    </FxCompile>
    <FxCompile Include="Resources\shaders\PostEffect\RadialBlur.CS.hlsl">
      <Filter>Resources\shader\PostEffect</Filter>
    </FxCompile>
    <FxCompile Include="Resources\shaders\PostEffect\Vignette.CS.hlsl">
      <Filter>Resources\shader\PostEffect</Filter>
    </FxCompile>
    <FxCompile Include="Resources\shaders\GPUParticle.VS.hlsl">
      <Filter>Resources\shader\Particle</Filter>
    </FxCompile>
    <FxCompile Include="Resources\shaders\GPUParticle.PS.hlsl">
      <Filter>Resources\shader\Particle</Filter>
    </FxCompile>
    <FxCompile Include="Resources\shaders\EmitParticle.CS.hlsl">
      <Filter>Resources\shader\Particle</Filter>
    </FxCompile>
    <FxCompile Include="Resources\shaders\InitializeParticle.CS.hlsl">
      <Filter>Resources\shader\Particle</Filter>
    </FxCompile>
    <FxCompile Include="Resources\shaders\Particle.PS.hlsl">
      <Filter>Resources\shader\Particle</Filter>
    </FxCompile>
    <FxCompile Include="Resources\shaders\Particle.VS.hlsl">
      <Filter>Resources\shader\Particle</Filter>
    </FxCompile>
    <FxCompile Include="Resources\shaders\UpdateParticle.CS.hlsl">
      <Filter>Resources\shader\Particle</Filter>
    </FxCompile>
    <FxCompile Include="Resources\shaders\3d\Object3d.PS.hlsl">
      <Filter>Resources\shader\Object</Filter>
    </FxCompile>
    <FxCompile Include="Resources\shaders\3d\Object3d.VS.hlsl">
      <Filter>Resources\shader\Object</Filter>
    </FxCompile>
    <FxCompile Include="Resources\shaders\3d\Skinning.CS.hlsl">
      <Filter>Resources\shader\Object</Filter>
    </FxCompile>
    <FxCompile Include="Resources\shaders\WireFrame\WireFrame.VS.hlsl">
      <Filter>Resources\shader\WireFrame</Filter>
    </FxCompile>
    <FxCompile Include="Resources\shaders\WireFrame\WireFrame.PS.hlsl">
      <Filter>Resources\shader\WireFrame</Filter>
    </FxCompile>
    <FxCompile Include="Resources\shaders\Sprite\Sprite.VS.hlsl">
      <Filter>Resources\shader\Sprite</Filter>
    </FxCompile>
    <FxCompile Include="Resources\shaders\Sprite\Sprite.PS.hlsl">
      <Filter>Resources\shader\Sprite</Filter>
    </FxCompile>
    <FxCompile Include="Resources\shaders\3d\SkyBox.PS.hlsl">
      <Filter>Resources\shader\Object</Filter>
    </FxCompile>
    <FxCompile Include="Resources\shaders\3d\SkyBox.VS.hlsl">
      <Filter>Resources\shader\Object</Filter>
    </FxCompile>
    <FxCompile Include="Resources\shaders\PostEffect\DepthBasedOutline.CS.hlsl">
      <Filter>Resources\shader\PostEffect</Filter>
    </FxCompile>
    <FxCompile Include="Resources\shaders\PostEffect\BloomBrightPass.CS.hlsl" />
    <FxCompile Include="Resources\shaders\PostEffect\BloomBlurHorizontal.CS.hlsl" />
    <FxCompile Include="Resources\shaders\PostEffect\BloomBlurVertical.CS.hlsl" />
    <FxCompile Include="Resources\shaders\PostEffect\ShadowMapEffect.CS.hlsl" />
    <FxCompile Include="Resources\shaders\Shadow\ShadowPass.VS.hlsl" />
    <FxCompile Include="Resources\shaders\Shadow\ShadowPass.PS.hlsl" />
  </ItemGroup>
  <ItemGroup>
    <ClCompile Include="main.cpp" />
    <ClCompile Include="engine\Animation\Animator.cpp">
      <Filter>engine\animation</Filter>
    </ClCompile>
    <ClCompile Include="engine\Audio\Audio.cpp">
      <Filter>engine\audio</Filter>
    </ClCompile>
    <ClCompile Include="engine\3d\Particle\BaseParticleGroup.cpp">
      <Filter>engine\3d\Particle</Filter>
    </ClCompile>
    <ClCompile Include="application\Weapon\BaseWeapon.cpp">
      <Filter>application\weapon</Filter>
    </ClCompile>
    <ClCompile Include="application\Weapon\Bazooka\Bazooka.cpp">
      <Filter>application\weapon</Filter>
    </ClCompile>
    <ClCompile Include="engine\Collision\BoxCollider.cpp">
      <Filter>engine\collision</Filter>
    </ClCompile>
    <ClCompile Include="engine\PostEffect\BoxFilter.cpp">
      <Filter>engine\postEffect</Filter>
    </ClCompile>
    <ClCompile Include="application\Weapon\Bullet\Bullet.cpp">
      <Filter>application\weapon\Bullet</Filter>
    </ClCompile>
    <ClCompile Include="application\Weapon\Bullet\BulletManager.cpp">
      <Filter>application\weapon\Bullet</Filter>
    </ClCompile>
    <ClCompile Include="application\Weapon\Bullet\BulletPool.cpp">
      <Filter>application\weapon\Bullet</Filter>
    </ClCompile>
    <ClCompile Include="engine\Camera\Camera.cpp">
      <Filter>engine\camera</Filter>
    </ClCompile>
    <ClCompile Include="engine\Camera\CameraManager.cpp">
      <Filter>engine\camera</Filter>
    </ClCompile>
    <ClCompile Include="engine\Collision\Collider.cpp">
      <Filter>engine\collision</Filter>
    </ClCompile>
    <ClCompile Include="engine\Collision\CollisionManager.cpp">
      <Filter>engine\collision</Filter>
    </ClCompile>
    <ClCompile Include="engine\Base\D3DResourceLeakChecker.cpp">
      <Filter>engine\base</Filter>
    </ClCompile>
    <ClCompile Include="engine\Base\DirectXCommon.cpp">
      <Filter>engine\base</Filter>
    </ClCompile>
    <ClCompile Include="engine\Base\DirectXShaderCompiler.cpp">
      <Filter>engine\base</Filter>
    </ClCompile>
    <ClCompile Include="engine\PostEffect\Dissolve.cpp">
      <Filter>engine\postEffect</Filter>
    </ClCompile>
    <ClCompile Include="engine\Math\Easing.cpp">
      <Filter>engine\math</Filter>
    </ClCompile>
    <ClCompile Include="application\Entity\Enemy\Enemy.cpp">
      <Filter>application\entity\enemy</Filter>
    </ClCompile>
    <ClCompile Include="application\Scene\GameClearScene.cpp">
      <Filter>engine\scene</Filter>
    </ClCompile>
    <ClCompile Include="application\Scene\GameOverScene.cpp">
      <Filter>engine\scene</Filter>
    </ClCompile>
    <ClCompile Include="application\Scene\GamePlayScene.cpp">
      <Filter>engine\scene</Filter>
    </ClCompile>
    <ClCompile Include="engine\Input\Gamepad.cpp">
      <Filter>engine\io</Filter>
    </ClCompile>
    <ClCompile Include="engine\PostEffect\GrayScale.cpp">
      <Filter>engine\postEffect</Filter>
    </ClCompile>
    <ClCompile Include="externals\imgui\imgui.cpp">
      <Filter>externals\imgui</Filter>
    </ClCompile>
    <ClCompile Include="externals\imgui\imgui_demo.cpp">
      <Filter>externals\imgui</Filter>
    </ClCompile>
    <ClCompile Include="externals\imgui\imgui_draw.cpp">
      <Filter>externals\imgui</Filter>
    </ClCompile>
    <ClCompile Include="externals\imgui\imgui_impl_dx12.cpp">
      <Filter>externals\imgui</Filter>
    </ClCompile>
    <ClCompile Include="externals\imgui\imgui_impl_win32.cpp">
      <Filter>externals\imgui</Filter>
    </ClCompile>
    <ClCompile Include="externals\imgui\imgui_tables.cpp">
      <Filter>externals\imgui</Filter>
    </ClCompile>
    <ClCompile Include="externals\imgui\imgui_widgets.cpp">
      <Filter>externals\imgui</Filter>
    </ClCompile>
    <ClCompile Include="engine\Input\Input.cpp">
      <Filter>engine\io</Filter>
    </ClCompile>
    <ClCompile Include="engine\3d\Particle\GPUParticle.cpp">
      <Filter>engine\3d\Particle</Filter>
    </ClCompile>
    <ClCompile Include="application\Ground\Ground.cpp">
      <Filter>engine\3d\Ground</Filter>
    </ClCompile>
    <ClCompile Include="application\UI\HPBar.cpp">
      <Filter>application\hpBar</Filter>
    </ClCompile>
    <ClCompile Include="engine\Utility\JsonLoader.cpp">
      <Filter>engine\utility</Filter>
    </ClCompile>
    <ClCompile Include="engine\Base\ImGuiManager.cpp">
      <Filter>engine\base</Filter>
    </ClCompile>
    <ClCompile Include="engine\Entity\LevelObject\LevelObject.cpp">
      <Filter>engine\3d</Filter>
    </ClCompile>
    <ClCompile Include="engine\Utility\Logger.cpp">
      <Filter>engine\utility</Filter>
    </ClCompile>
    <ClCompile Include="engine\PostEffect\LuminanceBasedOutline.cpp">
      <Filter>engine\postEffect</Filter>
    </ClCompile>
    <ClCompile Include="engine\3d\Material.cpp">
      <Filter>engine\3d</Filter>
    </ClCompile>
    <ClCompile Include="engine\Math\Matrix4x4.cpp">
      <Filter>engine\math</Filter>
    </ClCompile>
    <ClCompile Include="engine\Math\MatrixMath.cpp">
      <Filter>engine\math</Filter>
    </ClCompile>
    <ClCompile Include="engine\3d\Mesh\Mesh.cpp">
      <Filter>engine\3d</Filter>
    </ClCompile>
    <ClCompile Include="engine\3d\Model.cpp">
      <Filter>engine\3d</Filter>
    </ClCompile>
    <ClCompile Include="engine\3d\ModelCommon.cpp">
      <Filter>engine\3d</Filter>
    </ClCompile>
    <ClCompile Include="engine\Base\ModelManager.cpp">
      <Filter>engine\base</Filter>
    </ClCompile>
    <ClCompile Include="engine\3d\Particle\Particle3d.cpp">
      <Filter>engine\3d\Particle</Filter>
    </ClCompile>
    <ClCompile Include="engine\3d\Particle\ParticleAttribute.cpp">
      <Filter>engine\3d\Particle</Filter>
    </ClCompile>
    <ClCompile Include="engine\3d\Particle\ParticleCommon.cpp">
      <Filter>engine\3d\Particle</Filter>
    </ClCompile>
    <ClCompile Include="engine\3d\Particle\ParticleEditor.cpp">
      <Filter>engine\3d\Particle</Filter>
    </ClCompile>
    <ClCompile Include="application\Scene\ParticleEditScene.cpp">
      <Filter>engine\3d\Particle</Filter>
    </ClCompile>
    <ClCompile Include="engine\3d\Particle\ParticleEmitter.cpp">
      <Filter>engine\3d\Particle</Filter>
    </ClCompile>
    <ClCompile Include="engine\3d\Particle\ParticleEmitterAllocater.cpp">
      <Filter>engine\3d\Particle</Filter>
    </ClCompile>
    <ClCompile Include="engine\Base\Particle\ParticleManager.cpp">
      <Filter>engine\3d\Particle</Filter>
    </ClCompile>
    <ClCompile Include="engine\3d\Object3d.cpp">
      <Filter>engine\3d</Filter>
    </ClCompile>
    <ClCompile Include="engine\3d\Object3dCommon.cpp">
      <Filter>engine\3d</Filter>
    </ClCompile>
    <ClCompile Include="engine\Base\PipelineStateObject.cpp">
      <Filter>engine\base</Filter>
    </ClCompile>
    <ClCompile Include="engine\PostEffect\PostEffect.cpp">
      <Filter>engine\postEffect</Filter>
    </ClCompile>
    <ClCompile Include="engine\PostEffect\PostEffectManager.cpp">
      <Filter>engine\postEffect</Filter>
    </ClCompile>
    <ClCompile Include="engine\3d\Primitive\PrimitiveType.cpp">
      <Filter>engine\3d\Primitive</Filter>
    </ClCompile>
    <ClCompile Include="engine\3d\Primitive\PrimitiveDrawer.cpp">
      <Filter>engine\3d\Primitive</Filter>
    </ClCompile>
    <ClCompile Include="engine\3d\Particle\PrimitiveParticle.cpp">
      <Filter>engine\3d\Particle</Filter>
    </ClCompile>
    <ClCompile Include="application\Entity\Player\Player.cpp">
      <Filter>application\entity\player</Filter>
    </ClCompile>
    <ClCompile Include="application\MyGame.cpp">
      <Filter>application</Filter>
    </ClCompile>
    <ClCompile Include="engine\PostEffect\RadialBluer.cpp">
      <Filter>engine\postEffect</Filter>
    </ClCompile>
    <ClCompile Include="engine\PostEffect\RenderTexture.cpp">
      <Filter>engine\postEffect</Filter>
    </ClCompile>
    <ClCompile Include="engine\Utility\ResourceBarrier.cpp">
      <Filter>engine\utility</Filter>
    </ClCompile>
    <ClCompile Include="application\Scene\SceneFactory.cpp">
      <Filter>engine\scene</Filter>
    </ClCompile>
    <ClCompile Include="application\Scene\SceneManager.cpp">
      <Filter>engine\scene</Filter>
    </ClCompile>
    <ClCompile Include="application\Weapon\Rifle\Rifle.cpp">
      <Filter>application\weapon</Filter>
    </ClCompile>
    <ClCompile Include="engine\Math\Quaternion.cpp">
      <Filter>engine\math</Filter>
    </ClCompile>
    <ClCompile Include="engine\2d\Sprite.cpp">
      <Filter>engine\2d</Filter>
    </ClCompile>
    <ClCompile Include="engine\2d\SpriteCommon.cpp">
      <Filter>engine\2d</Filter>
    </ClCompile>
    <ClCompile Include="engine\2d\WireFrame.cpp">
      <Filter>engine\2d</Filter>
    </ClCompile>
    <ClCompile Include="engine\Animation\Skeleton.cpp">
      <Filter>engine\animation</Filter>
    </ClCompile>
    <ClCompile Include="engine\Animation\SkinCluster.cpp">
      <Filter>engine\animation</Filter>
    </ClCompile>
    <ClCompile Include="engine\Base\TakeCFrameWork.cpp">
      <Filter>engine\base</Filter>
    </ClCompile>
    <ClCompile Include="engine\Base\TextureManager.cpp">
      <Filter>engine\base</Filter>
    </ClCompile>
    <ClCompile Include="engine\Base\SrvManager.cpp">
      <Filter>engine\base</Filter>
    </ClCompile>
    <ClCompile Include="engine\Base\RtvManager.cpp">
      <Filter>engine\base</Filter>
    </ClCompile>
    <ClCompile Include="application\Scene\TitleScene.cpp">
      <Filter>engine\scene</Filter>
    </ClCompile>
    <ClCompile Include="engine\Collision\SphereCollider.cpp">
      <Filter>engine\collision</Filter>
    </ClCompile>
    <ClCompile Include="engine\Utility\StringUtility.cpp">
      <Filter>engine\utility</Filter>
    </ClCompile>
    <ClCompile Include="engine\Math\Vector3.cpp">
      <Filter>engine\math</Filter>
    </ClCompile>
    <ClCompile Include="engine\Math\Vector3Math.cpp">
      <Filter>engine\math</Filter>
    </ClCompile>
    <ClCompile Include="engine\3d\Primitive\Ring.cpp">
      <Filter>engine\3d\Primitive</Filter>
    </ClCompile>
    <ClCompile Include="engine\3d\Primitive\Sphere.cpp">
      <Filter>engine\3d\Primitive</Filter>
    </ClCompile>
    <ClCompile Include="engine\PostEffect\Vignette.cpp">
      <Filter>engine\postEffect</Filter>
    </ClCompile>
    <ClCompile Include="engine\Base\WinApp.cpp">
      <Filter>engine\base</Filter>
    </ClCompile>
    <ClCompile Include="engine\SkyBox\SkyBox.cpp">
      <Filter>engine\3d\SkyBox</Filter>
    </ClCompile>
    <ClCompile Include="application\Entity\Behavior\BaseBehavior.cpp">
      <Filter>application\Entity\Behavior</Filter>
    </ClCompile>
    <ClCompile Include="application\Entity\Behavior\BehaviorChargeShootStun.cpp">
      <Filter>application\Entity\Behavior</Filter>
    </ClCompile>
    <ClCompile Include="application\Entity\Behavior\BehaviorDead.cpp">
      <Filter>application\Entity\Behavior</Filter>
    </ClCompile>
    <ClCompile Include="application\Entity\Behavior\BehaviorFloating.cpp">
      <Filter>application\Entity\Behavior</Filter>
    </ClCompile>
    <ClCompile Include="application\Entity\Behavior\BehaviorJumping.cpp">
      <Filter>application\Entity\Behavior</Filter>
    </ClCompile>
    <ClCompile Include="application\Entity\Behavior\BehaviorManager.cpp">
      <Filter>application\Entity\Behavior</Filter>
    </ClCompile>
    <ClCompile Include="application\Entity\Behavior\BehaviorRunning.cpp">
      <Filter>application\Entity\Behavior</Filter>
    </ClCompile>
    <ClCompile Include="application\Entity\Behavior\BehaviorStepBoost.cpp">
      <Filter>application\Entity\Behavior</Filter>
    </ClCompile>
    <ClCompile Include="application\Entity\Enemy\AIBrainSystem.cpp">
      <Filter>application\Entity\Enemy</Filter>
    </ClCompile>
    <ClCompile Include="application\UI\BulletCounterUI.cpp">
      <Filter>application\UI</Filter>
    </ClCompile>
    <ClCompile Include="application\UI\EnergyInfoUI.cpp">
      <Filter>application\UI</Filter>
    </ClCompile>
    <ClCompile Include="application\UI\GameClearUI.cpp">
      <Filter>application\UI</Filter>
    </ClCompile>
    <ClCompile Include="application\Provider\EnemyInputProvider.cpp">
      <Filter>application\Provider</Filter>
    </ClCompile>
    <ClCompile Include="application\Provider\PlayerInputProvider.cpp">
      <Filter>application\Provider</Filter>
    </ClCompile>
    <ClCompile Include="application\Entity\Enemy\BulletSensor.cpp">
      <Filter>application\Entity\Enemy</Filter>
    </ClCompile>
    <ClCompile Include="engine\PostEffect\DepthBasedOutline.cpp">
      <Filter>engine\postEffect</Filter>
    </ClCompile>
    <ClCompile Include="application\Weapon\Bullet\MissilePool.cpp">
      <Filter>application\Weapon\Bullet</Filter>
    </ClCompile>
    <ClCompile Include="application\Provider\PlayerKeyInput.cpp">
      <Filter>application\Provider</Filter>
    </ClCompile>
    <ClCompile Include="application\UI\PlayerReticle.cpp">
      <Filter>application\UI</Filter>
    </ClCompile>
    <ClCompile Include="application\Scene\SceneTransition.cpp">
      <Filter>engine\scene</Filter>
    </ClCompile>
    <ClCompile Include="engine\Math\Vector2.cpp">
      <Filter>engine\math</Filter>
    </ClCompile>
    <ClCompile Include="application\Weapon\Bullet\VerticalMissile.cpp">
      <Filter>application\Weapon\Bullet</Filter>
    </ClCompile>
    <ClCompile Include="application\Weapon\Launcher\VerticalMissileLauncher.cpp">
      <Filter>application\Weapon</Filter>
    </ClCompile>
    <ClCompile Include="engine\PostEffect\BloomEffect.cpp">
      <Filter>engine\postEffect</Filter>
    </ClCompile>
    <ClCompile Include="application\Effect\BoostEffect.cpp">
      <Filter>application\effect</Filter>
    </ClCompile>
    <ClCompile Include="application\Ground\WaterGround.cpp">
      <Filter>application\effect</Filter>
    </ClCompile>
    <ClCompile Include="application\Entity\Behavior\BaseBehavior.cpp">
      <Filter>application\entity\behavior</Filter>
    </ClCompile>
    <ClCompile Include="application\Entity\Behavior\BehaviorChargeShootStun.cpp">
      <Filter>application\entity\behavior</Filter>
    </ClCompile>
    <ClCompile Include="application\Entity\Behavior\BehaviorDead.cpp">
      <Filter>application\entity\behavior</Filter>
    </ClCompile>
    <ClCompile Include="application\Entity\Behavior\BehaviorFloating.cpp">
      <Filter>application\entity\behavior</Filter>
    </ClCompile>
    <ClCompile Include="application\Entity\Behavior\BehaviorJumping.cpp">
      <Filter>application\entity\behavior</Filter>
    </ClCompile>
    <ClCompile Include="application\Entity\Behavior\BehaviorManager.cpp">
      <Filter>application\entity\behavior</Filter>
    </ClCompile>
    <ClCompile Include="application\Entity\Behavior\BehaviorRunning.cpp">
      <Filter>application\entity\behavior</Filter>
    </ClCompile>
    <ClCompile Include="application\Entity\Behavior\BehaviorStepBoost.cpp">
      <Filter>application\entity\behavior</Filter>
    </ClCompile>
    <ClCompile Include="application\Entity\Enemy\AIBrainSystem.cpp">
      <Filter>application\entity\enemy</Filter>
    </ClCompile>
    <ClCompile Include="application\Entity\Enemy\BulletSensor.cpp">
      <Filter>application\entity\enemy</Filter>
    </ClCompile>
    <ClCompile Include="engine\PostEffect\DepthBasedOutline.cpp">
      <Filter>engine\postEffect</Filter>
    </ClCompile>
    <ClCompile Include="application\UI\BulletCounterUI.cpp">
      <Filter>application\UI</Filter>
    </ClCompile>
    <ClCompile Include="application\UI\EnergyInfoUI.cpp">
      <Filter>application\UI</Filter>
    </ClCompile>
    <ClCompile Include="application\UI\GameClearUI.cpp">
      <Filter>application\UI</Filter>
    </ClCompile>
    <ClCompile Include="application\Weapon\Bullet\MissilePool.cpp">
      <Filter>application\weapon\Bullet</Filter>
    </ClCompile>
    <ClCompile Include="application\Weapon\Bullet\VerticalMissile.cpp">
      <Filter>application\weapon\Bullet</Filter>
    </ClCompile>
    <ClCompile Include="application\Provider\PlayerInputProvider.cpp">
      <Filter>application\provider</Filter>
    </ClCompile>
    <ClCompile Include="application\UI\PlayerReticle.cpp">
      <Filter>application\UI</Filter>
    </ClCompile>
    <ClCompile Include="engine\math\Vector2.cpp">
      <Filter>engine\math</Filter>
    </ClCompile>
    <ClCompile Include="application\Provider\EnemyInputProvider.cpp">
      <Filter>application\provider</Filter>
    </ClCompile>
    <ClCompile Include="application\Provider\PlayerKeyInput.cpp">
      <Filter>application\provider</Filter>
    </ClCompile>
    <ClCompile Include="engine\Utility\Timer.cpp" />
    <ClCompile Include="application\Effect\DeadEffect.cpp" />
    <ClCompile Include="engine\3d\Light\LightCounter.cpp" />
    <ClCompile Include="engine\3d\Light\LightManager.cpp" />
    <ClCompile Include="application\Entity\GameCharacterInfo.cpp" />
    <ClCompile Include="engine\Math\Transform.cpp" />
    <ClCompile Include="application\Scene\EnemySelectScene.cpp" />
    <ClCompile Include="application\Tool\CharacterEdit\CharacterEditTool.cpp" />
    <ClCompile Include="application\Weapon\WeaponData.cpp" />
    <ClCompile Include="application\UI\PushStartUI.cpp" />
    <ClCompile Include="application\UI\PhaseMessageUI.cpp" />
    <ClCompile Include="engine\Animation\SpriteAnimation.cpp" />
    <ClCompile Include="application\Weapon\Action\BurstShotInfo.cpp" />
    <ClCompile Include="application\Weapon\Rifle\RifleInfo.cpp" />
    <ClCompile Include="engine\Math\MathEnv.cpp" />
    <ClCompile Include="engine\Camera\CameraForGPU.cpp" />
    <ClCompile Include="application\Weapon\MachineGun\MachineGun.cpp" />
    <ClCompile Include="engine\2d\SpriteConfig.cpp" />
    <ClCompile Include="engine\PostEffect\GlareEffect.cpp" />
    <ClCompile Include="application\Provider\PlayerPadInput.cpp" />
    <ClCompile Include="application\Weapon\Bullet\VerticalMissileInfo.cpp" />
    <ClCompile Include="application\Weapon\ShotGun\ShotGun.cpp" />
    <ClCompile Include="application\Weapon\ShotGun\ShotGunInfo.cpp" />
    <ClCompile Include="engine\PostEffect\ShadowMapEffect.cpp" />
    <ClCompile Include="engine\PostEffect\PostEffectFactory.cpp" />
    <ClCompile Include="engine\Base\DsvManager.cpp" />
    <ClCompile Include="engine\Math\AABB.cpp" />
    <ClCompile Include="engine\3d\Primitive\Plane.cpp" />
    <ClCompile Include="engine\3d\Primitive\Cube.cpp" />
    <ClCompile Include="engine\Animation\TextureAnimation.cpp" />
    <ClCompile Include="engine\Animation\SpriteSheetSettings.cpp" />
    <ClCompile Include="application\Effect\MuzzleFlashEffect.cpp" />
    <ClCompile Include="engine\3d\Primitive\Cone.cpp" />
    <ClCompile Include="engine\3d\Primitive\Cylinder.cpp" />
    <ClCompile Include="engine\Animation\TextureAnimationTypeEnum.cpp" />
  </ItemGroup>
  <ItemGroup>
    <ClInclude Include="resource.h" />
    <ClInclude Include="application\Scene\AbstractSceneFactory.h">
      <Filter>engine\scene</Filter>
    </ClInclude>
    <ClInclude Include="engine\Math\AABB.h">
      <Filter>engine\math</Filter>
    </ClInclude>
    <ClInclude Include="engine\Animation\Animator.h">
      <Filter>engine\animation</Filter>
    </ClInclude>
    <ClInclude Include="engine\Audio\Audio.h">
      <Filter>engine\audio</Filter>
    </ClInclude>
    <ClInclude Include="engine\3d\Particle\BaseParticleGroup.h">
      <Filter>engine\3d\Particle</Filter>
    </ClInclude>
    <ClInclude Include="application\Scene\BaseScene.h">
      <Filter>engine\scene</Filter>
    </ClInclude>
    <ClInclude Include="application\Weapon\BaseWeapon.h">
      <Filter>application\weapon</Filter>
    </ClInclude>
    <ClInclude Include="application\Weapon\Bazooka\Bazooka.h">
      <Filter>application\weapon</Filter>
    </ClInclude>
    <ClInclude Include="engine\Collision\BoxCollider.h">
      <Filter>engine\collision</Filter>
    </ClInclude>
    <ClInclude Include="engine\PostEffect\BoxFilter.h">
      <Filter>engine\postEffect</Filter>
    </ClInclude>
    <ClInclude Include="application\Weapon\Bullet\Bullet.h">
      <Filter>application\weapon\Bullet</Filter>
    </ClInclude>
    <ClInclude Include="application\Weapon\Bullet\BulletManager.h">
      <Filter>application\weapon\Bullet</Filter>
    </ClInclude>
    <ClInclude Include="application\Weapon\Bullet\BulletPool.h">
      <Filter>application\weapon\Bullet</Filter>
    </ClInclude>
    <ClInclude Include="engine\Camera\Camera.h">
      <Filter>engine\camera</Filter>
    </ClInclude>
    <ClInclude Include="engine\Camera\CameraManager.h">
      <Filter>engine\camera</Filter>
    </ClInclude>
    <ClInclude Include="engine\Collision\Collider.h">
      <Filter>engine\collision</Filter>
    </ClInclude>
    <ClInclude Include="engine\Collision\CollisionManager.h">
      <Filter>engine\collision</Filter>
    </ClInclude>
    <ClInclude Include="engine\Base\D3DResourceLeakChecker.h">
      <Filter>engine\base</Filter>
    </ClInclude>
    <ClInclude Include="engine\Base\DirectXCommon.h">
      <Filter>engine\base</Filter>
    </ClInclude>
    <ClInclude Include="engine\Base\DirectXShaderCompiler.h">
      <Filter>engine\base</Filter>
    </ClInclude>
    <ClInclude Include="engine\PostEffect\Dissolve.h">
      <Filter>engine\postEffect</Filter>
    </ClInclude>
    <ClInclude Include="engine\Math\Easing.h">
      <Filter>engine\math</Filter>
    </ClInclude>
    <ClInclude Include="application\Entity\Enemy\Enemy.h">
      <Filter>application\entity\enemy</Filter>
    </ClInclude>
    <ClInclude Include="engine\Entity\GameCharacter.h">
      <Filter>application\entity</Filter>
    </ClInclude>
    <ClInclude Include="application\Scene\GameClearScene.h">
      <Filter>engine\scene</Filter>
    </ClInclude>
    <ClInclude Include="application\Scene\GameOverScene.h">
      <Filter>engine\scene</Filter>
    </ClInclude>
    <ClInclude Include="application\Scene\GamePlayScene.h">
      <Filter>engine\scene</Filter>
    </ClInclude>
    <ClInclude Include="engine\Input\Gamepad.h">
      <Filter>engine\io</Filter>
    </ClInclude>
    <ClInclude Include="engine\PostEffect\GrayScale.h">
      <Filter>engine\postEffect</Filter>
    </ClInclude>
    <ClInclude Include="externals\imgui\imconfig.h">
      <Filter>externals\imgui</Filter>
    </ClInclude>
    <ClInclude Include="externals\imgui\imgui.h">
      <Filter>externals\imgui</Filter>
    </ClInclude>
    <ClInclude Include="externals\imgui\imgui_impl_dx12.h">
      <Filter>externals\imgui</Filter>
    </ClInclude>
    <ClInclude Include="externals\imgui\imgui_impl_win32.h">
      <Filter>externals\imgui</Filter>
    </ClInclude>
    <ClInclude Include="externals\imgui\imgui_internal.h">
      <Filter>externals\imgui</Filter>
    </ClInclude>
    <ClInclude Include="externals\imgui\imstb_rectpack.h">
      <Filter>externals\imgui</Filter>
    </ClInclude>
    <ClInclude Include="externals\imgui\imstb_textedit.h">
      <Filter>externals\imgui</Filter>
    </ClInclude>
    <ClInclude Include="externals\imgui\imstb_truetype.h">
      <Filter>externals\imgui</Filter>
    </ClInclude>
    <ClInclude Include="engine\Input\Input.h">
      <Filter>engine\io</Filter>
    </ClInclude>
    <ClInclude Include="engine\3d\Particle\GPUParticle.h">
      <Filter>engine\3d\Particle</Filter>
    </ClInclude>
    <ClInclude Include="application\Ground\Ground.h">
      <Filter>engine\3d\Ground</Filter>
    </ClInclude>
    <ClInclude Include="application\UI\HPBar.h">
      <Filter>application\hpBar</Filter>
    </ClInclude>
    <ClInclude Include="engine\Utility\JsonLoader.h">
      <Filter>engine\utility</Filter>
    </ClInclude>
    <ClInclude Include="engine\Base\ImGuiManager.h">
      <Filter>engine\base</Filter>
    </ClInclude>
    <ClInclude Include="application\Scene\LevelData.h">
      <Filter>engine\3d</Filter>
    </ClInclude>
    <ClInclude Include="engine\Entity\LevelObject\LevelObject.h">
      <Filter>engine\3d</Filter>
    </ClInclude>
    <ClInclude Include="engine\Animation\Keyflame.h">
      <Filter>engine\animation</Filter>
    </ClInclude>
    <ClInclude Include="engine\Input\InputData.h">
      <Filter>engine\io</Filter>
    </ClInclude>
    <ClInclude Include="engine\Utility\Logger.h">
      <Filter>engine\utility</Filter>
    </ClInclude>
    <ClInclude Include="engine\PostEffect\LuminanceBasedOutline.h">
      <Filter>engine\postEffect</Filter>
    </ClInclude>
    <ClInclude Include="engine\3d\Material.h">
      <Filter>engine\3d</Filter>
    </ClInclude>
    <ClInclude Include="engine\Math\Matrix3x3.h">
      <Filter>engine\math</Filter>
    </ClInclude>
    <ClInclude Include="engine\Math\Matrix4x4.h">
      <Filter>engine\math</Filter>
    </ClInclude>
    <ClInclude Include="engine\Math\MatrixMath.h">
      <Filter>engine\math</Filter>
    </ClInclude>
    <ClInclude Include="engine\3d\Mesh\Mesh.h">
      <Filter>engine\3d</Filter>
    </ClInclude>
    <ClInclude Include="engine\3d\Model.h">
      <Filter>engine\3d</Filter>
    </ClInclude>
    <ClInclude Include="engine\3d\ModelCommon.h">
      <Filter>engine\3d</Filter>
    </ClInclude>
    <ClInclude Include="engine\Base\ModelManager.h">
      <Filter>engine\base</Filter>
    </ClInclude>
    <ClInclude Include="engine\3d\Particle\Particle3d.h">
      <Filter>engine\3d\Particle</Filter>
    </ClInclude>
    <ClInclude Include="engine\3d\Particle\ParticleAttribute.h">
      <Filter>engine\3d\Particle</Filter>
    </ClInclude>
    <ClInclude Include="engine\3d\Particle\ParticleCommon.h">
      <Filter>engine\3d\Particle</Filter>
    </ClInclude>
    <ClInclude Include="engine\3d\Particle\ParticleEditor.h">
      <Filter>engine\3d\Particle</Filter>
    </ClInclude>
    <ClInclude Include="application\Scene\ParticleEditScene.h">
      <Filter>engine\3d\Particle</Filter>
    </ClInclude>
    <ClInclude Include="engine\3d\Particle\ParticleEmitterAllocater.h">
      <Filter>engine\3d\Particle</Filter>
    </ClInclude>
    <ClInclude Include="engine\Base\Particle\ParticleManager.h">
      <Filter>engine\3d\Particle</Filter>
    </ClInclude>
    <ClInclude Include="engine\Animation\NodeAnimation.h">
      <Filter>engine\animation</Filter>
    </ClInclude>
    <ClInclude Include="engine\3d\Object3d.h">
      <Filter>engine\3d</Filter>
    </ClInclude>
    <ClInclude Include="engine\3d\Object3dCommon.h">
      <Filter>engine\3d</Filter>
    </ClInclude>
    <ClInclude Include="engine\3d\Particle\ParticleEmitter.h">
      <Filter>engine\3d\Particle</Filter>
    </ClInclude>
    <ClInclude Include="engine\Base\PipelineStateObject.h">
      <Filter>engine\base</Filter>
    </ClInclude>
    <ClInclude Include="engine\Math\OBB.h">
      <Filter>engine\math</Filter>
    </ClInclude>
    <ClInclude Include="engine\PostEffect\PostEffect.h">
      <Filter>engine\postEffect</Filter>
    </ClInclude>
    <ClInclude Include="engine\PostEffect\PostEffectManager.h">
      <Filter>engine\postEffect</Filter>
    </ClInclude>
    <ClInclude Include="engine\3d\Primitive\PrimitiveType.h">
      <Filter>engine\3d\Primitive</Filter>
    </ClInclude>
    <ClInclude Include="engine\3d\Primitive\PrimitiveDrawer.h">
      <Filter>engine\3d\Primitive</Filter>
    </ClInclude>
    <ClInclude Include="engine\3d\Particle\PrimitiveParticle.h">
      <Filter>engine\3d\Particle</Filter>
    </ClInclude>
    <ClInclude Include="application\Entity\Player\Player.h">
      <Filter>application\entity\player</Filter>
    </ClInclude>
    <ClInclude Include="application\MyGame.h">
      <Filter>application</Filter>
    </ClInclude>
    <ClInclude Include="engine\PostEffect\RadialBluer.h">
      <Filter>engine\postEffect</Filter>
    </ClInclude>
    <ClInclude Include="engine\PostEffect\RenderTexture.h">
      <Filter>engine\postEffect</Filter>
    </ClInclude>
    <ClInclude Include="engine\Utility\ResourceBarrier.h">
      <Filter>engine\utility</Filter>
    </ClInclude>
    <ClInclude Include="application\Scene\SceneManager.h">
      <Filter>engine\scene</Filter>
    </ClInclude>
    <ClInclude Include="application\Scene\SceneFactory.h">
      <Filter>engine\scene</Filter>
    </ClInclude>
    <ClInclude Include="application\Weapon\Rifle\Rifle.h">
      <Filter>application\weapon</Filter>
    </ClInclude>
    <ClInclude Include="engine\Math\Quaternion.h">
      <Filter>engine\math</Filter>
    </ClInclude>
    <ClInclude Include="engine\2d\Sprite.h">
      <Filter>engine\2d</Filter>
    </ClInclude>
    <ClInclude Include="engine\2d\SpriteCommon.h">
      <Filter>engine\2d</Filter>
    </ClInclude>
    <ClInclude Include="engine\2d\WireFrame.h">
      <Filter>engine\2d</Filter>
    </ClInclude>
    <ClInclude Include="engine\Animation\Skeleton.h">
      <Filter>engine\animation</Filter>
    </ClInclude>
    <ClInclude Include="engine\Animation\SkinCluster.h">
      <Filter>engine\animation</Filter>
    </ClInclude>
    <ClInclude Include="engine\Base\TextureManager.h">
      <Filter>engine\base</Filter>
    </ClInclude>
    <ClInclude Include="engine\Base\TakeCFrameWork.h">
      <Filter>engine\base</Filter>
    </ClInclude>
    <ClInclude Include="engine\Base\SrvManager.h">
      <Filter>engine\base</Filter>
    </ClInclude>
    <ClInclude Include="engine\Base\RtvManager.h">
      <Filter>engine\base</Filter>
    </ClInclude>
    <ClInclude Include="engine\Base\PSOType.h">
      <Filter>engine\base</Filter>
    </ClInclude>
    <ClInclude Include="application\Scene\TitleScene.h">
      <Filter>engine\scene</Filter>
    </ClInclude>
    <ClInclude Include="engine\Collision\SphereCollider.h">
      <Filter>engine\collision</Filter>
    </ClInclude>
    <ClInclude Include="engine\Utility\StringUtility.h">
      <Filter>engine\utility</Filter>
    </ClInclude>
    <ClInclude Include="engine\Math\Vector4.h">
      <Filter>engine\math</Filter>
    </ClInclude>
    <ClInclude Include="engine\Math\Vector2.h">
      <Filter>engine\math</Filter>
    </ClInclude>
    <ClInclude Include="engine\Math\Vector3.h">
      <Filter>engine\math</Filter>
    </ClInclude>
    <ClInclude Include="engine\Math\Vector3Math.h">
      <Filter>engine\math</Filter>
    </ClInclude>
    <ClInclude Include="engine\Math\TransformMatrix.h">
      <Filter>engine\math</Filter>
    </ClInclude>
    <ClInclude Include="engine\Math\Transform.h">
      <Filter>engine\math</Filter>
    </ClInclude>
    <ClInclude Include="engine\3d\Primitive\Ring.h">
      <Filter>engine\3d\Primitive</Filter>
    </ClInclude>
    <ClInclude Include="engine\3d\Primitive\Sphere.h">
      <Filter>engine\3d\Primitive</Filter>
    </ClInclude>
    <ClInclude Include="engine\PostEffect\Vignette.h">
      <Filter>engine\postEffect</Filter>
    </ClInclude>
    <ClInclude Include="engine\Base\WinApp.h">
      <Filter>engine\base</Filter>
    </ClInclude>
    <ClInclude Include="engine\SkyBox\SkyBox.h">
      <Filter>engine\3d\SkyBox</Filter>
    </ClInclude>
    <ClInclude Include="application\Weapon\WeaponType.h">
      <Filter>application\weapon</Filter>
    </ClInclude>
    <ClInclude Include="application\Entity\Behavior\BaseBehavior.h">
      <Filter>application\Entity\Behavior</Filter>
    </ClInclude>
    <ClInclude Include="application\Entity\Behavior\BehaviorChargeShootStun.h">
      <Filter>application\Entity\Behavior</Filter>
    </ClInclude>
    <ClInclude Include="application\Entity\Behavior\BehaviorDead.h">
      <Filter>application\Entity\Behavior</Filter>
    </ClInclude>
    <ClInclude Include="application\Entity\Behavior\BehaviorFloating.h">
      <Filter>application\Entity\Behavior</Filter>
    </ClInclude>
    <ClInclude Include="application\Entity\Behavior\BehaviorJumping.h">
      <Filter>application\Entity\Behavior</Filter>
    </ClInclude>
    <ClInclude Include="application\Entity\Behavior\BehaviorManager.h">
      <Filter>application\Entity\Behavior</Filter>
    </ClInclude>
    <ClInclude Include="application\Entity\Behavior\BehaviorRunning.h">
      <Filter>application\Entity\Behavior</Filter>
    </ClInclude>
    <ClInclude Include="application\Entity\Behavior\BehaviorStepBoost.h">
      <Filter>application\Entity\Behavior</Filter>
    </ClInclude>
    <ClInclude Include="application\Entity\Enemy\AIBrainSystem.h">
      <Filter>application\Entity\Enemy</Filter>
    </ClInclude>
    <ClInclude Include="application\UI\BulletCounterUI.h">
      <Filter>application\UI</Filter>
    </ClInclude>
    <ClInclude Include="application\UI\EnergyInfoUI.h">
      <Filter>application\UI</Filter>
    </ClInclude>
    <ClInclude Include="application\UI\GameClearUI.h">
      <Filter>application\UI</Filter>
    </ClInclude>
    <ClInclude Include="application\Provider\EnemyInputProvider.h">
      <Filter>application\Provider</Filter>
    </ClInclude>
    <ClInclude Include="application\Provider\PlayerInputProvider.h">
      <Filter>application\Provider</Filter>
    </ClInclude>
    <ClInclude Include="application\Provider\BaseInputProvider.h">
      <Filter>application\Provider</Filter>
    </ClInclude>
    <ClInclude Include="application\Provider\Enum\CharacterActionInputEnum.h">
      <Filter>application\Provider\Enum</Filter>
    </ClInclude>
    <ClInclude Include="application\Entity\Enemy\BulletSensor.h">
      <Filter>application\Entity\Enemy</Filter>
    </ClInclude>
    <ClInclude Include="engine\Camera\CameraForGPU.h">
      <Filter>engine\camera</Filter>
    </ClInclude>
    <ClInclude Include="engine\PostEffect\DepthBasedOutline.h">
      <Filter>engine\postEffect</Filter>
    </ClInclude>
    <ClInclude Include="engine\Input\IInputDevice.h">
      <Filter>engine\io</Filter>
    </ClInclude>
    <ClInclude Include="engine\Input\InputMapper.h">
      <Filter>engine\io</Filter>
    </ClInclude>
    <ClInclude Include="application\Weapon\Bullet\MissilePool.h">
      <Filter>application\Weapon\Bullet</Filter>
    </ClInclude>
    <ClInclude Include="application\Entity\GameCharacterBehavior.h">
      <Filter>application\Entity\Behavior</Filter>
    </ClInclude>
    <ClInclude Include="engine\Camera\PerView.h">
      <Filter>engine\camera</Filter>
    </ClInclude>
    <ClInclude Include="application\Provider\PlayerKeyInput.h">
      <Filter>application\Provider</Filter>
    </ClInclude>
    <ClInclude Include="application\UI\PlayerReticle.h">
      <Filter>application\UI</Filter>
    </ClInclude>
    <ClInclude Include="engine\Math\physics\Ray.h">
      <Filter>engine\math\Physics</Filter>
    </ClInclude>
    <ClInclude Include="application\Entity\GameCharacterInfo.h">
      <Filter>application\Entity</Filter>
    </ClInclude>
    <ClInclude Include="application\Scene\SceneTransition.h">
      <Filter>engine\scene</Filter>
    </ClInclude>
    <ClInclude Include="application\Weapon\Bullet\VerticalMissile.h">
      <Filter>application\Weapon\Bullet</Filter>
    </ClInclude>
    <ClInclude Include="application\Weapon\Launcher\VerticalMissileLauncher.h">
      <Filter>application\Weapon</Filter>
    </ClInclude>
    <ClInclude Include="engine\Collision\SurfaceType.h">
      <Filter>engine\camera</Filter>
    </ClInclude>
    <ClInclude Include="application\Entity\WeaponUnit.h">
      <Filter>application\Entity</Filter>
    </ClInclude>
    <ClInclude Include="engine\PostEffect\BloomEffect.h">
      <Filter>engine\postEffect</Filter>
    </ClInclude>
    <ClInclude Include="application\Effect\BoostEffect.h">
      <Filter>application\effect</Filter>
    </ClInclude>
    <ClInclude Include="application\Effect\BoostEffectPositionEnum.h">
      <Filter>application\effect\Enum</Filter>
    </ClInclude>
    <ClInclude Include="application\Ground\WaterGround.h">
      <Filter>application\effect</Filter>
    </ClInclude>
    <ClInclude Include="application\Entity\Behavior\BaseBehavior.h">
      <Filter>application\entity\behavior</Filter>
    </ClInclude>
    <ClInclude Include="application\Provider\BaseInputProvider.h">
      <Filter>application\entity\behavior</Filter>
    </ClInclude>
    <ClInclude Include="application\Entity\Behavior\BehaviorChargeShootStun.h">
      <Filter>application\entity\behavior</Filter>
    </ClInclude>
    <ClInclude Include="application\Entity\Behavior\BehaviorDead.h">
      <Filter>application\entity\behavior</Filter>
    </ClInclude>
    <ClInclude Include="application\Entity\Behavior\BehaviorFloating.h">
      <Filter>application\entity\behavior</Filter>
    </ClInclude>
    <ClInclude Include="application\Entity\Behavior\BehaviorJumping.h">
      <Filter>application\entity\behavior</Filter>
    </ClInclude>
    <ClInclude Include="application\Entity\Behavior\BehaviorManager.h">
      <Filter>application\entity\behavior</Filter>
    </ClInclude>
    <ClInclude Include="application\Entity\Behavior\BehaviorRunning.h">
      <Filter>application\entity\behavior</Filter>
    </ClInclude>
    <ClInclude Include="application\Entity\Behavior\BehaviorStepBoost.h">
      <Filter>application\entity\behavior</Filter>
    </ClInclude>
    <ClInclude Include="application\Entity\Enemy\AIBrainSystem.h">
      <Filter>application\entity\enemy</Filter>
    </ClInclude>
    <ClInclude Include="application\Entity\Enemy\BulletSensor.h">
      <Filter>application\entity\enemy</Filter>
    </ClInclude>
    <ClInclude Include="engine\PostEffect\DepthBasedOutline.h">
      <Filter>engine\postEffect</Filter>
    </ClInclude>
    <ClInclude Include="application\Entity\GameCharacterBehavior.h">
      <Filter>application\entity\behavior</Filter>
    </ClInclude>
    <ClInclude Include="application\Weapon\Bullet\VerticalMissile.h">
      <Filter>application\weapon</Filter>
    </ClInclude>
    <ClInclude Include="application\Entity\WeaponUnit.h">
      <Filter>application\entity</Filter>
    </ClInclude>
    <ClInclude Include="application\Entity\GameCharacterInfo.h">
      <Filter>application\entity</Filter>
    </ClInclude>
    <ClInclude Include="application\UI\BulletCounterUI.h">
      <Filter>application\UI</Filter>
    </ClInclude>
    <ClInclude Include="application\UI\EnergyInfoUI.h">
      <Filter>application\UI</Filter>
    </ClInclude>
    <ClInclude Include="application\UI\GameClearUI.h">
      <Filter>application\UI</Filter>
    </ClInclude>
    <ClInclude Include="application\Weapon\Bullet\MissilePool.h">
      <Filter>application\weapon\Bullet</Filter>
    </ClInclude>
    <ClInclude Include="application\Provider\PlayerInputProvider.h">
      <Filter>application\provider</Filter>
    </ClInclude>
    <ClInclude Include="application\Provider\Enum\CharacterActionInputEnum.h">
      <Filter>application\provider\Enum</Filter>
    </ClInclude>
    <ClInclude Include="engine\camera\CameraForGPU.h">
      <Filter>engine\camera</Filter>
    </ClInclude>
    <ClInclude Include="engine\camera\PerView.h">
      <Filter>engine\camera</Filter>
    </ClInclude>
    <ClInclude Include="application\UI\PlayerReticle.h">
      <Filter>application\UI</Filter>
    </ClInclude>
    <ClInclude Include="application\Provider\EnemyInputProvider.h">
      <Filter>application\provider</Filter>
    </ClInclude>
    <ClInclude Include="application\Provider\PlayerKeyInput.h">
      <Filter>application\provider</Filter>
    </ClInclude>
    <ClInclude Include="engine\math\physics\Ray.h">
      <Filter>engine\math\Physics</Filter>
    </ClInclude>
    <ClInclude Include="engine\Collision\SurfaceType.h">
      <Filter>engine\collision</Filter>
    </ClInclude>
    <ClInclude Include="engine\Utility\Timer.h" />
    <ClInclude Include="engine\Base\BlendModeStateEnum.h" />
    <ClInclude Include="application\Effect\DeadEffect.h" />
    <ClInclude Include="engine\3d\Light\DirectionalLight.h" />
    <ClInclude Include="engine\3d\Light\PointLight.h" />
    <ClInclude Include="engine\3d\Light\SpotLight.h" />
    <ClInclude Include="engine\3d\Light\LightCounter.h" />
    <ClInclude Include="engine\3d\Light\LightManager.h" />
    <ClInclude Include="engine\Base\ComPtrAliasTemplates.h" />
    <ClInclude Include="application\Scene\EnemySelectScene.h" />
    <ClInclude Include="application\Tool\CharacterEdit\CharacterEditTool.h" />
    <ClInclude Include="application\Weapon\WeaponData.h" />
    <ClInclude Include="engine\Utility\JsonDirectoryPathData.h" />
    <ClInclude Include="application\UI\PushStartUI.h" />
    <ClInclude Include="application\UI\PhaseMessageUI.h" />
    <ClInclude Include="application\Scene\GamePlaySceneBehavior.h" />
    <ClInclude Include="engine\Animation\SpriteAnimation.h" />
    <ClInclude Include="application\Weapon\Action\BurstShotInfo.h" />
    <ClInclude Include="application\Weapon\Action\WeaponActionData.h" />
    <ClInclude Include="application\Weapon\Rifle\RifleInfo.h" />
    <ClInclude Include="application\Weapon\Launcher\VerticalMissileLauncherInfo.h" />
    <ClInclude Include="application\Tool\CharacterEdit\CharacterEditMenuEnum.h" />
    <ClInclude Include="application\Entity\Player\PlayerData.h" />
    <ClInclude Include="engine\Math\MathEnv.h" />
    <ClInclude Include="engine\3d\Mesh\SubMesh.h" />
    <ClInclude Include="engine\3d\ModelData.h" />
    <ClInclude Include="engine\Base\PerFrame.h" />
    <ClInclude Include="engine\3d\Particle\ParticleForGPU.h" />
    <ClInclude Include="engine\3d\VertexData.h" />
    <ClInclude Include="application\Weapon\MachineGun\MachineGun.h" />
    <ClInclude Include="engine\2d\SpriteConfig.h" />
    <ClInclude Include="engine\PostEffect\GlareEffect.h" />
    <ClInclude Include="application\Provider\PlayerPadInput.h" />
    <ClInclude Include="application\Weapon\Bullet\VerticalMissileInfo.h" />
    <ClInclude Include="application\Weapon\ShotGun\ShotGun.h" />
    <ClInclude Include="application\Weapon\ShotGun\ShotGunInfo.h" />
    <ClInclude Include="engine\PostEffect\ShadowMapEffect.h" />
    <ClInclude Include="engine\PostEffect\PostEffectFactory.h" />
    <ClInclude Include="engine\Base\DsvManager.h" />
    <ClInclude Include="engine\3d\Light\LightCameraInfo.h" />
    <ClInclude Include="engine\Camera\ShakeCameraModeEnum.h" />
    <ClInclude Include="engine\3d\Primitive\PrimitiveBase.h" />
    <ClInclude Include="engine\3d\Primitive\Plane.h" />
    <ClInclude Include="engine\3d\Primitive\Cube.h" />
    <ClInclude Include="engine\Animation\TextureAnimation.h" />
    <ClInclude Include="engine\Animation\SpriteSheetSttings.h" />
    <ClInclude Include="application\Effect\MuzzleFlashEffect.h" />
    <ClInclude Include="engine\3d\Primitive\Cone.h" />
    <ClInclude Include="engine\3d\Primitive\PrimitiveParameter.h" />
    <ClInclude Include="engine\3d\Primitive\Cylinder.h" />
    <ClInclude Include="engine\Animation\UVScrollSettings.h" />
    <ClInclude Include="engine\Animation\TextureAnimationVariant.h" />
    <ClInclude Include="engine\Animation\TextureAnimationTypeEnum.h" />
  </ItemGroup>
  <ItemGroup>
    <ResourceCompile Include="DirectXGame.rc" />
  </ItemGroup>
  <ItemGroup>
    <Image Include="Resources\Images\gradationLine.png">
      <Filter>Resources\image</Filter>
    </Image>
    <Image Include="Resources\Images\simpleCircle.png">
      <Filter>Resources\image</Filter>
    </Image>
    <Image Include="Resources\rick.png">
      <Filter>Resources\image</Filter>
    </Image>
    <Image Include="Resources\uvChecker.png">
      <Filter>Resources\image</Filter>
    </Image>
  </ItemGroup>
  <ItemGroup>
    <None Include="Resources\Animation\player_animation.bin">
      <Filter>Resources\gltf</Filter>
    </None>
    <None Include="Resources\glTF\player_animation.bin">
      <Filter>Resources\gltf</Filter>
    </None>
    <None Include="Resources\glTF\player_animation.gltf">
      <Filter>Resources\gltf</Filter>
    </None>
    <None Include="Resources\Animation\player_animation.gltf">
      <Filter>Resources\gltf</Filter>
    </None>
    <None Include="Resources\glTF\simpleSkin.bin">
      <Filter>Resources\gltf</Filter>
    </None>
    <None Include="Resources\glTF\simpleSkin.gltf">
      <Filter>Resources\gltf</Filter>
    </None>
    <None Include="Resources\glTF\sneakWalk.gltf">
      <Filter>Resources\gltf</Filter>
    </None>
    <None Include="Resources\glTF\sneakWalk.bin">
      <Filter>Resources\gltf</Filter>
    </None>
    <None Include="Resources\glTF\walk.gltf">
      <Filter>Resources\gltf</Filter>
    </None>
    <None Include="Resources\glTF\walk.bin">
      <Filter>Resources\gltf</Filter>
    </None>
    <None Include="Resources\glTF\walk.fbx">
      <Filter>Resources\gltf</Filter>
    </None>
    <None Include="Resources\shaders\PostEffect\BoxFilter.hlsli">
      <Filter>Resources\shader\PostEffect</Filter>
    </None>
    <None Include="Resources\shaders\PostEffect\FullScreen.hlsli">
      <Filter>Resources\shader\PostEffect</Filter>
    </None>
    <None Include="Resources\shaders\PostEffect\Outline.hlsli">
      <Filter>Resources\shader\PostEffect</Filter>
    </None>
    <None Include="Resources\shaders\GPUParticle.hlsli">
      <Filter>Resources\shader\Particle</Filter>
    </None>
    <None Include="Resources\shaders\Particle.hlsli">
      <Filter>Resources\shader\Particle</Filter>
    </None>
    <None Include="Resources\shaders\ParticleEmitter.hlsli">
      <Filter>Resources\shader\Particle</Filter>
    </None>
    <None Include="Resources\shaders\RandomGenerator.hlsli">
      <Filter>Resources\shader\Particle</Filter>
    </None>
    <None Include="Resources\shaders\3d\Object3d.hlsli">
      <Filter>Resources\shader\Object</Filter>
    </None>
    <None Include="Resources\shaders\WireFrame\WireFrame.hlsli">
      <Filter>Resources\shader\WireFrame</Filter>
    </None>
    <None Include="Resources\shaders\Sprite\Sprite.hlsli">
      <Filter>Resources\shader\Sprite</Filter>
    </None>
    <None Include="Resources\shaders\3d\SkyBox.hlsli">
      <Filter>Resources\shader\Object</Filter>
    </None>
    <None Include="Resources\shaders\CameraData.hlsli">
      <Filter>Resources\shader\Object</Filter>
    </None>
    <None Include="Resources\shaders\Light\Lighting.hlsli" />
    <None Include="Resources\shaders\Light\DirectionalLight.hlsli" />
    <None Include="Resources\shaders\Material.hlsli" />
    <None Include="Resources\shaders\Light\PointLight.hlsli" />
    <None Include="Resources\shaders\Light\SpotLight.hlsli" />
    <None Include="Resources\shaders\Light\LightCountData.hlsli" />
    <None Include="Resources\shaders\PostEffect\BloomEffectInfo.hlsli" />
    <None Include="Resources\shaders\Light\LightCamera.hlsli" />
    <None Include="Resources\shaders\Shadow\Shadowpass.hlsli" />
  </ItemGroup>
  <ItemGroup>
    <Filter Include="application">
      <UniqueIdentifier>{530b5c55-3f9c-45c3-a778-dc2662d256f8}</UniqueIdentifier>
    </Filter>
    <Filter Include="engine">
      <UniqueIdentifier>{d27aba76-76fb-44db-863b-ddbc9e74a814}</UniqueIdentifier>
    </Filter>
    <Filter Include="externals">
      <UniqueIdentifier>{ef893663-cbf9-47bb-842e-39df05ad8e6a}</UniqueIdentifier>
    </Filter>
    <Filter Include="Resources">
      <UniqueIdentifier>{32e2cde7-15ff-4e3c-9150-fdf6218aeca6}</UniqueIdentifier>
    </Filter>
    <Filter Include="engine\scene">
      <UniqueIdentifier>{64f5ad96-d44b-4a66-b259-19d62df678aa}</UniqueIdentifier>
    </Filter>
    <Filter Include="engine\math">
      <UniqueIdentifier>{2489cfa0-5ee2-4b24-8f98-2b08897ea186}</UniqueIdentifier>
    </Filter>
    <Filter Include="engine\audio">
      <UniqueIdentifier>{2f9f0eaf-0fb8-433d-aa4a-8db391bd6138}</UniqueIdentifier>
    </Filter>
    <Filter Include="engine\3d">
      <UniqueIdentifier>{590b61b9-b382-45b3-b26b-26d970f9ce67}</UniqueIdentifier>
    </Filter>
    <Filter Include="engine\3d\Particle">
      <UniqueIdentifier>{98cc19d0-a81c-4831-a09d-706fac020d81}</UniqueIdentifier>
    </Filter>
    <Filter Include="engine\collision">
      <UniqueIdentifier>{38fc65b7-b3f2-4690-ab76-4163a534ad75}</UniqueIdentifier>
    </Filter>
    <Filter Include="engine\postEffect">
      <UniqueIdentifier>{34b6d74e-dbe5-4067-832a-407b8b5eccc2}</UniqueIdentifier>
    </Filter>
    <Filter Include="Resources\gltf">
      <UniqueIdentifier>{b66cf439-a906-4950-8d86-d1cea2b802fc}</UniqueIdentifier>
    </Filter>
    <Filter Include="Resources\shader">
      <UniqueIdentifier>{01cf6800-7886-492e-b261-227f0c3f9d4f}</UniqueIdentifier>
    </Filter>
    <Filter Include="engine\camera">
      <UniqueIdentifier>{2cbecede-a562-4ba9-bc2f-ed710836a7d8}</UniqueIdentifier>
    </Filter>
    <Filter Include="engine\base">
      <UniqueIdentifier>{f8464de7-1dad-4a9f-8d2c-9a348e6173bc}</UniqueIdentifier>
    </Filter>
    <Filter Include="engine\io">
      <UniqueIdentifier>{072050b1-a2a3-4fb6-b74a-6df279e39c9c}</UniqueIdentifier>
    </Filter>
    <Filter Include="externals\imgui">
      <UniqueIdentifier>{c8b5611c-024c-425e-a913-4f7e253e5910}</UniqueIdentifier>
    </Filter>
    <Filter Include="externals\DirectXTex">
      <UniqueIdentifier>{e1b5f2e1-68b3-48bd-a4ec-5bcd79999c64}</UniqueIdentifier>
    </Filter>
    <Filter Include="externals\assimp">
      <UniqueIdentifier>{794bd19e-8851-4ddd-a93b-95b1ab448b8f}</UniqueIdentifier>
    </Filter>
    <Filter Include="externals\nlohmann">
      <UniqueIdentifier>{ab767612-9ba9-4fcb-8aa3-596e2e161b52}</UniqueIdentifier>
    </Filter>
    <Filter Include="Resources\image">
      <UniqueIdentifier>{82cc1ea5-9a39-4395-86a7-c5084178e73a}</UniqueIdentifier>
    </Filter>
    <Filter Include="Resources\obj_mtl">
      <UniqueIdentifier>{2ad8e3b3-6a80-43c2-9637-9b8b1bcd0734}</UniqueIdentifier>
    </Filter>
    <Filter Include="engine\3d\SkyBox">
      <UniqueIdentifier>{e670c156-5bb0-4c8f-9a9b-ef82a334f418}</UniqueIdentifier>
    </Filter>
    <Filter Include="engine\3d\Ground">
      <UniqueIdentifier>{abcb3cd8-be34-401b-b9d3-d0b3b3248343}</UniqueIdentifier>
    </Filter>
    <Filter Include="engine\3d\Skydome">
      <UniqueIdentifier>{5d94cf9a-0c92-4db7-af7b-7537ca01932e}</UniqueIdentifier>
    </Filter>
    <Filter Include="engine\2d">
      <UniqueIdentifier>{d9be44db-22c2-45ae-9c29-fbd9c278827a}</UniqueIdentifier>
    </Filter>
    <Filter Include="engine\3d\Primitive">
      <UniqueIdentifier>{16046783-8e5d-405d-bb13-a1fdda80f7bb}</UniqueIdentifier>
    </Filter>
    <Filter Include="application\UI">
      <UniqueIdentifier>{9d9e71a0-054e-452e-8645-32ca3433c7f1}</UniqueIdentifier>
    </Filter>
    <Filter Include="engine\math\Physics">
      <UniqueIdentifier>{b1b3127e-748b-4787-b5ae-0ef9cc36fdba}</UniqueIdentifier>
    </Filter>
    <Filter Include="Resources\shader\PostEffect">
      <UniqueIdentifier>{754476ce-60c9-48d0-b786-4abbeb3468b2}</UniqueIdentifier>
    </Filter>
    <Filter Include="Resources\shader\Particle">
      <UniqueIdentifier>{a80614cb-49f9-4145-a087-c5ecdf958583}</UniqueIdentifier>
    </Filter>
    <Filter Include="Resources\shader\Object">
      <UniqueIdentifier>{f551e8cb-6ad1-4283-ace1-edaef77a344b}</UniqueIdentifier>
    </Filter>
    <Filter Include="Resources\shader\WireFrame">
      <UniqueIdentifier>{6e3befd2-ba54-45f4-847c-2010bb967561}</UniqueIdentifier>
    </Filter>
    <Filter Include="Resources\shader\Sprite">
      <UniqueIdentifier>{53085881-530b-48b7-9601-09693b468b70}</UniqueIdentifier>
    </Filter>
    <Filter Include="engine\utility">
      <UniqueIdentifier>{267af0fa-b574-4522-9321-036d459d4bf2}</UniqueIdentifier>
    </Filter>
    <Filter Include="application\effect">
      <UniqueIdentifier>{ef87920d-9eec-45c3-ada6-a55042dc3019}</UniqueIdentifier>
    </Filter>
    <Filter Include="application\effect\Enum">
      <UniqueIdentifier>{3928511a-0d63-46c8-90a6-3d94b97313b2}</UniqueIdentifier>
    </Filter>
    <Filter Include="application\entity">
      <UniqueIdentifier>{7243ddc3-bcf7-45ec-a4ca-ca2e896186fb}</UniqueIdentifier>
    </Filter>
    <Filter Include="application\entity\behavior">
      <UniqueIdentifier>{81e90ec8-f816-4364-bdcf-36fb80461ae3}</UniqueIdentifier>
    </Filter>
    <Filter Include="application\entity\enemy">
      <UniqueIdentifier>{98d39096-79f4-494e-8640-edc0f445ac6b}</UniqueIdentifier>
    </Filter>
    <Filter Include="application\entity\player">
      <UniqueIdentifier>{7d95dbd5-de97-4a4d-9b1a-1442193ef92d}</UniqueIdentifier>
    </Filter>
    <Filter Include="application\hpBar">
      <UniqueIdentifier>{a037a81e-ea89-4a83-9df4-e1af711ea387}</UniqueIdentifier>
    </Filter>
    <Filter Include="application\provider">
      <UniqueIdentifier>{0b7a339e-ebd4-4aa7-9c76-8125741f0973}</UniqueIdentifier>
    </Filter>
    <Filter Include="application\provider\Enum">
      <UniqueIdentifier>{90b56bbe-d809-4329-bacf-10d7d9a1fd08}</UniqueIdentifier>
    </Filter>
    <Filter Include="application\weapon">
      <UniqueIdentifier>{e743fde6-b9b3-4cf2-92d7-4a7995720243}</UniqueIdentifier>
    </Filter>
    <Filter Include="application\weapon\Bullet">
      <UniqueIdentifier>{5cc6d2bd-e4fe-455f-93ce-17e87039eaa8}</UniqueIdentifier>
    </Filter>
    <Filter Include="engine\animation">
      <UniqueIdentifier>{69d819e5-aa5c-4f28-927c-8e7e5bda6708}</UniqueIdentifier>
    </Filter>
  </ItemGroup>
  <ItemGroup>
    <Text Include="externals\imgui\LICENSE.txt">
      <Filter>externals\imgui</Filter>
    </Text>
  </ItemGroup>
</Project>